// !$*UTF8*$!
{
	archiveVersion = 1;
	classes = {
	};
	objectVersion = 46;
	objects = {
/* Begin PBXBuildFile section */
		0207DA581B56EA530066E2B4 /* Images.xcassets in Resources */ = {isa = PBXBuildFile; fileRef = 0207DA571B56EA530066E2B4 /* Images.xcassets */; };
		1D3623260D0F684500981E51 /* AppDelegate.m in Sources */ = {isa = PBXBuildFile; fileRef = 1D3623250D0F684500981E51 /* AppDelegate.m */; };
		1D60589B0D05DD56006BFB54 /* main.m in Sources */ = {isa = PBXBuildFile; fileRef = 29B97316FDCFA39411CA2CEA /* main.m */; };
		301BF552109A68D80062928A /* libCordova.a in Frameworks */ = {isa = PBXBuildFile; fileRef = 301BF535109A57CC0062928A /* libCordova.a */; settings = {ATTRIBUTES = (Required, ); }; };
		302D95F114D2391D003F00A1 /* MainViewController.m in Sources */ = {isa = PBXBuildFile; fileRef = 302D95EF14D2391D003F00A1 /* MainViewController.m */; };
		302D95F214D2391D003F00A1 /* MainViewController.xib in Resources */ = {isa = PBXBuildFile; fileRef = 302D95F014D2391D003F00A1 /* MainViewController.xib */; };
		6AFF5BF91D6E424B00AB3073 /* CDVLaunchScreen.storyboard in Resources */ = {isa = PBXBuildFile; fileRef = 6AFF5BF81D6E424B00AB3073 /* CDVLaunchScreen.storyboard */; };
		14F6E27332484548BE995BFE /* CDVDevice.m in Sources */ = {isa = PBXBuildFile; fileRef = 6DD05212D0344BE1B69827CF /* CDVDevice.m */; };
		127926940CE74328A3877110 /* SitewaertsDocumentViewer.m in Sources */ = {isa = PBXBuildFile; fileRef = 14D5640273BB43F3A166D278 /* SitewaertsDocumentViewer.m */; };
		C2D59FE9027D452291B62338 /* CGPDFDocument.m in Sources */ = {isa = PBXBuildFile; fileRef = 2001BAEF77524FB08F54706E /* CGPDFDocument.m */; };
		9A7ADEA3F3274A0AB0EA0348 /* ReaderConstants.m in Sources */ = {isa = PBXBuildFile; fileRef = 53B39DAA89DC4AC294E62CBC /* ReaderConstants.m */; };
		860939E03D1244F9BEBF1148 /* ReaderContentPage.m in Sources */ = {isa = PBXBuildFile; fileRef = 1D9FBB30C0E648CAADDFB847 /* ReaderContentPage.m */; };
		F1979527637340AFB228AABE /* ReaderContentTile.m in Sources */ = {isa = PBXBuildFile; fileRef = 87BCD52467284D8C8E8094A9 /* ReaderContentTile.m */; };
		6E5DC5252DA946EBAA8D1FCC /* ReaderContentView.m in Sources */ = {isa = PBXBuildFile; fileRef = D28C0B9EA7E945DDB0FD569A /* ReaderContentView.m */; };
		AAD661E3AEF24E1CBE1D77E3 /* ReaderDocument.m in Sources */ = {isa = PBXBuildFile; fileRef = FA314A69E2964324B2408B63 /* ReaderDocument.m */; };
		C49260A71B8E41CAAB50D13D /* ReaderDocumentOutline.m in Sources */ = {isa = PBXBuildFile; fileRef = FC527ABD2F6D49B28BD293D8 /* ReaderDocumentOutline.m */; };
		9DB2E420811F44C29CD1178D /* ReaderMainPagebar.m in Sources */ = {isa = PBXBuildFile; fileRef = 75620F83366048D6BF859944 /* ReaderMainPagebar.m */; };
		ECF96452FEEA49C28F2188FB /* ReaderMainToolbar.m in Sources */ = {isa = PBXBuildFile; fileRef = DDDCEDD90BF24CBEAE7CD4CF /* ReaderMainToolbar.m */; };
		05C6B02D30E64DF58B25EA2D /* ReaderMainToolbar+SDVReaderMainToolbarPassThrough.m in Sources */ = {isa = PBXBuildFile; fileRef = 1A84A07E6FDB457982FE1AEC /* ReaderMainToolbar+SDVReaderMainToolbarPassThrough.m */; };
		A7FF35771262463CBD1166CA /* ReaderThumbCache.m in Sources */ = {isa = PBXBuildFile; fileRef = 525CF6DE2DF045869E454BF5 /* ReaderThumbCache.m */; };
		27DAD122FD544314866A619D /* ReaderThumbFetch.m in Sources */ = {isa = PBXBuildFile; fileRef = A97518446D5F47349074A097 /* ReaderThumbFetch.m */; };
		69F4DD3A24A444288F82F263 /* ReaderThumbQueue.m in Sources */ = {isa = PBXBuildFile; fileRef = 6F56C2C539AB4D14B7D23348 /* ReaderThumbQueue.m */; };
		CFEA49BF86D34E778113DE1F /* ReaderThumbRender.m in Sources */ = {isa = PBXBuildFile; fileRef = 00033AEA4B7B48F1B405EDEB /* ReaderThumbRender.m */; };
		23F68982D28F439D9C2710E1 /* ReaderThumbRequest.m in Sources */ = {isa = PBXBuildFile; fileRef = E5F31ECFFE84470387CB20E1 /* ReaderThumbRequest.m */; };
		6D2B393E374B40BDA56231AC /* ReaderThumbsView.m in Sources */ = {isa = PBXBuildFile; fileRef = 64620339AAB84B90A4F5F716 /* ReaderThumbsView.m */; };
		261FEBBC8A754048BDAFF8D8 /* ReaderThumbView.m in Sources */ = {isa = PBXBuildFile; fileRef = 6640F46823894AE781404F84 /* ReaderThumbView.m */; };
		7A1214CEEBB94EB1BB909C25 /* ReaderViewController.m in Sources */ = {isa = PBXBuildFile; fileRef = 4BCEDC81F07B4BD09B5A17F5 /* ReaderViewController.m */; };
		407A10ADC21F48EE923D37CC /* ReaderViewController+SDVReaderViewControllerPassThrough.m in Sources */ = {isa = PBXBuildFile; fileRef = 046CB4B915C74B4588099BB6 /* ReaderViewController+SDVReaderViewControllerPassThrough.m */; };
		71CDFD93DFBE41EABD5577DF /* SDVReaderContentViewDoublePage.m in Sources */ = {isa = PBXBuildFile; fileRef = 30EFA31E438A4D33AFC7B6AE /* SDVReaderContentViewDoublePage.m */; };
		171A8FF0CE2741D981A8F637 /* SDVReaderMainPagebar.m in Sources */ = {isa = PBXBuildFile; fileRef = D66E92F9D77D41B5881ACD81 /* SDVReaderMainPagebar.m */; };
		103D79B44DBF4198841E03F4 /* SDVReaderMainToolbar.m in Sources */ = {isa = PBXBuildFile; fileRef = 65672C64FD814747BB63C2C4 /* SDVReaderMainToolbar.m */; };
		BF2A4CAA04374F48815DEEBC /* SDVReaderViewController.m in Sources */ = {isa = PBXBuildFile; fileRef = EEF8B003B3BB4B58B0A54698 /* SDVReaderViewController.m */; };
		0AA3FA7DE3134B22B7127369 /* SDVThumbsMainToolbar.m in Sources */ = {isa = PBXBuildFile; fileRef = 624668AADBD9495B843AC207 /* SDVThumbsMainToolbar.m */; };
		019F81CEB26F453A967F09EE /* SDVThumbsViewController.m in Sources */ = {isa = PBXBuildFile; fileRef = 679DC5911F82465290B4D8C6 /* SDVThumbsViewController.m */; };
		C464973CD6D943F6A34B8F1F /* ThumbsMainToolbar.m in Sources */ = {isa = PBXBuildFile; fileRef = 172F7E4F73F24608ADD04927 /* ThumbsMainToolbar.m */; };
		7DF382754B234135B850953B /* ThumbsMainToolbar+SDVThumbsMainToolbarPassThrough.m in Sources */ = {isa = PBXBuildFile; fileRef = 8D5900FBAEDD4C9D82FE9340 /* ThumbsMainToolbar+SDVThumbsMainToolbarPassThrough.m */; };
		D27F316FC140459BB5CFC8CA /* ThumbsViewController.m in Sources */ = {isa = PBXBuildFile; fileRef = 372DB7CB28054A4CABE3F3BE /* ThumbsViewController.m */; };
		027D29CA8A9E4A17AB7ED2D3 /* ThumbsViewController+SDVThumbsViewControllerPassThrough.m in Sources */ = {isa = PBXBuildFile; fileRef = 856E584729CE403792B57765 /* ThumbsViewController+SDVThumbsViewControllerPassThrough.m */; };
		AFFE87C67A4F48B2817C4AE6 /* UIXToolbarView.m in Sources */ = {isa = PBXBuildFile; fileRef = 2DC7C6F4EA844411B1A18B4E /* UIXToolbarView.m */; };
		E159C88E6BD9423CA18BF246 /* Default-568h@2x.png in Resources */ = {isa = PBXBuildFile; fileRef = 9F80E9CDACF2408C86F8A0C3 /* Default-568h@2x.png */; };
		0C6596D66B8C4334BB994D55 /* Reader-Button-H.png in Resources */ = {isa = PBXBuildFile; fileRef = 30671023FC204C4C9C4D17D2 /* Reader-Button-H.png */; };
		5922659AAD1147E68F68EDE6 /* Reader-Button-H@2x.png in Resources */ = {isa = PBXBuildFile; fileRef = B8793F6DA571483CBABBE866 /* Reader-Button-H@2x.png */; };
		90E6C30B43D74B3185CC460B /* Reader-Button-N.png in Resources */ = {isa = PBXBuildFile; fileRef = 03CDF2C08EF14D9A986A24AD /* Reader-Button-N.png */; };
		5D63616DD34E4364A68AC72D /* Reader-Button-N@2x.png in Resources */ = {isa = PBXBuildFile; fileRef = 562C541EF22D47E78DF78A24 /* Reader-Button-N@2x.png */; };
		1064EF5343B343088B0033F6 /* Reader-Email.png in Resources */ = {isa = PBXBuildFile; fileRef = 861DAECCB6254DD787257423 /* Reader-Email.png */; };
		726F6203193F4EBBAD7C296D /* Reader-Email@2x.png in Resources */ = {isa = PBXBuildFile; fileRef = E4F1259271FC4AE69B4934CF /* Reader-Email@2x.png */; };
		F5A53E0CAABE4244BD3C1626 /* Reader-Export.png in Resources */ = {isa = PBXBuildFile; fileRef = 91057CF1C15844DD8C756FD8 /* Reader-Export.png */; };
		5701CFCCC4A44F139D9618A6 /* Reader-Export@2x.png in Resources */ = {isa = PBXBuildFile; fileRef = 94202CA58A5B479DB5ED643F /* Reader-Export@2x.png */; };
		E433C0AF16D14AE5969DFDCB /* Reader-Mark-N.png in Resources */ = {isa = PBXBuildFile; fileRef = 0EA647922270407E9E5F5E7A /* Reader-Mark-N.png */; };
		CC6694253E7C45D6B5E14FC2 /* Reader-Mark-N@2x.png in Resources */ = {isa = PBXBuildFile; fileRef = 0BC6C1BB580148EFA32EF2E9 /* Reader-Mark-N@2x.png */; };
		E60E6A92B85B47BD9C8A0BF1 /* Reader-Mark-Y.png in Resources */ = {isa = PBXBuildFile; fileRef = 5D8486DC6A274CACA9F29208 /* Reader-Mark-Y.png */; };
		460D3A5C4C2245AEAEEEC630 /* Reader-Mark-Y@2x.png in Resources */ = {isa = PBXBuildFile; fileRef = 918BF667926A4F759415240B /* Reader-Mark-Y@2x.png */; };
		C3DD0B2997454845B06E2F1D /* Reader-Print.png in Resources */ = {isa = PBXBuildFile; fileRef = 9BC888243768485C80CD2B22 /* Reader-Print.png */; };
		3F91CABBEC654F1686B77757 /* Reader-Print@2x.png in Resources */ = {isa = PBXBuildFile; fileRef = 724FEA8703C744F0B8FDBAF3 /* Reader-Print@2x.png */; };
		670DE07A3B76462D89C2F1F3 /* Reader-Thumbs.png in Resources */ = {isa = PBXBuildFile; fileRef = 306647E449BA4494A1013120 /* Reader-Thumbs.png */; };
		691F48B5E52B47C1B461EE3F /* Reader-Thumbs@2x.png in Resources */ = {isa = PBXBuildFile; fileRef = 548CB03D36EA4FABB64C4A3C /* Reader-Thumbs@2x.png */; };
		2BC39AC488F949689C9E81E2 /* SDVReader-CoverPage.png in Resources */ = {isa = PBXBuildFile; fileRef = 62C17000D0D54AA4AFD05C25 /* SDVReader-CoverPage.png */; };
		A4A2E91AB76044AA99811D90 /* SDVReader-CoverPage@2x.png in Resources */ = {isa = PBXBuildFile; fileRef = AC165770F52C4D7080F869BC /* SDVReader-CoverPage@2x.png */; };
		A1745F054F2C4311A6491D93 /* SDVReader-DoublePage.png in Resources */ = {isa = PBXBuildFile; fileRef = F789247EC3A04ADCB23E1213 /* SDVReader-DoublePage.png */; };
		1499DF18F08C4FD984868B73 /* SDVReader-DoublePage@2x.png in Resources */ = {isa = PBXBuildFile; fileRef = 7A6E856E1F83424A88C331AD /* SDVReader-DoublePage@2x.png */; };
		19BE570860A74D3088E0E0A6 /* SDVReader-Outline.png in Resources */ = {isa = PBXBuildFile; fileRef = 54F3EB91EDA94CDBA00AB317 /* SDVReader-Outline.png */; };
		407D730C1C904393A8DF5BB3 /* SDVReader-Outline@2x.png in Resources */ = {isa = PBXBuildFile; fileRef = 4E24E76B1BD9460AAFA2A5C3 /* SDVReader-Outline@2x.png */; };
		F43E959B9D4C4AAFBD1B755D /* SDVReader-SinglePage.png in Resources */ = {isa = PBXBuildFile; fileRef = 86203670C9C74ACC88F82786 /* SDVReader-SinglePage.png */; };
		7A2E28E55C4D47609901D0C7 /* SDVReader-SinglePage@2x.png in Resources */ = {isa = PBXBuildFile; fileRef = 45A90F78ABF945C8A96BC657 /* SDVReader-SinglePage@2x.png */; };
		9C248C84AA6A4A118DE12DC8 /* UIKit.framework in Frameworks */ = {isa = PBXBuildFile; fileRef = 68778A04FA7F4C51BB5EB8BF /* UIKit.framework */; };
		2907BB574FB845E6B2D28B35 /* Foundation.framework in Frameworks */ = {isa = PBXBuildFile; fileRef = 13E5CB215A5043ECB4463049 /* Foundation.framework */; };
		0D19D3A74EF54433A8703C20 /* QuartzCore.framework in Frameworks */ = {isa = PBXBuildFile; fileRef = A8F2B45CE53D49B4B41B7470 /* QuartzCore.framework */; };
		6F6AD1C907124C53A1911F63 /* ImageIO.framework in Frameworks */ = {isa = PBXBuildFile; fileRef = 53BEE3EC672446B382B3AA2E /* ImageIO.framework */; };
		EE37C9039A10474EAE4743D7 /* MessageUI.framework in Frameworks */ = {isa = PBXBuildFile; fileRef = FA5469440CA446799C65AFAE /* MessageUI.framework */; };
		F573BDFF82A64A8D96C05B49 /* CDVFile.m in Sources */ = {isa = PBXBuildFile; fileRef = 372E72A66DAB493EAA34D565 /* CDVFile.m */; };
		93D3DA7604DF442295EA6EF0 /* CDVLocalFilesystem.m in Sources */ = {isa = PBXBuildFile; fileRef = 20DE23EB3AA34BB0A4CAABD0 /* CDVLocalFilesystem.m */; };
		858F79F4A4A2483980FF86FC /* CDVAssetLibraryFilesystem.m in Sources */ = {isa = PBXBuildFile; fileRef = 4D32D4932FA14F918F4C1794 /* CDVAssetLibraryFilesystem.m */; };
		0941274EDBB644CDBBFA4B49 /* FileOpener2.m in Sources */ = {isa = PBXBuildFile; fileRef = E383019075AA484CAC058546 /* FileOpener2.m */; };
		A58FB58A255847AE85900CE0 /* CDVFileTransfer.m in Sources */ = {isa = PBXBuildFile; fileRef = 4435CAFFA32F4442BF91B4B8 /* CDVFileTransfer.m */; };
		37AE41B375B84B7E9F930255 /* CDVIonicKeyboard.m in Sources */ = {isa = PBXBuildFile; fileRef = 0EA07263F203433EA1D13161 /* CDVIonicKeyboard.m */; };
		E08234D17FB74D80B59F2B60 /* CDVWKWebViewEngine.m in Sources */ = {isa = PBXBuildFile; fileRef = A4371A57C6574241B860F468 /* CDVWKWebViewEngine.m */; };
		D904C13330D74F91848EAB13 /* CDVWKWebViewUIDelegate.m in Sources */ = {isa = PBXBuildFile; fileRef = F8A413940BA84BDDA46A36F6 /* CDVWKWebViewUIDelegate.m */; };
		9CF99FC06A474CEDABCD3472 /* CDVWKProcessPoolFactory.m in Sources */ = {isa = PBXBuildFile; fileRef = 1E942F095C0741548F6FEB57 /* CDVWKProcessPoolFactory.m */; };
		2570D3206D5C4A349ADA402F /* IONAssetHandler.m in Sources */ = {isa = PBXBuildFile; fileRef = 4E4563B772104190933C4C1B /* IONAssetHandler.m */; };
		472F38C8F9E64033853B217A /* WebKit.framework in Frameworks */ = {isa = PBXBuildFile; fileRef = E3FCEDB9204945B7873FE706 /* WebKit.framework */; settings = {ATTRIBUTES = (Weak, ); }; };
		C8F5F97996C14F44AFEFCD7C /* CDVSplashScreen.m in Sources */ = {isa = PBXBuildFile; fileRef = 956D67FAD4CC4BC9996E165D /* CDVSplashScreen.m */; };
		910B258A8DA34FC49C2977C2 /* CDVViewController+SplashScreen.m in Sources */ = {isa = PBXBuildFile; fileRef = 32C2F6D55CBA43019E1C7DEF /* CDVViewController+SplashScreen.m */; };
		85D9BE7595044D1394723BBE /* CDVStatusBar.m in Sources */ = {isa = PBXBuildFile; fileRef = D4479C2EC0584846AF541F30 /* CDVStatusBar.m */; };
		F23FA44196344B8C93EB2169 /* UIImage+CropScaleOrientation.m in Sources */ = {isa = PBXBuildFile; fileRef = 815C14CE41434FFAB3E485F5 /* UIImage+CropScaleOrientation.m */; };
		E7FD9B4525C84341BA6D0FF8 /* CDVCamera.m in Sources */ = {isa = PBXBuildFile; fileRef = 705FA82DFBCA4BC2A53C4AF1 /* CDVCamera.m */; };
		012CD5B8653741078CD0D1AE /* CDVJpegHeaderWriter.m in Sources */ = {isa = PBXBuildFile; fileRef = 297EB7ADF99D4CCC88654363 /* CDVJpegHeaderWriter.m */; };
		474FAA32AA2249A8B5EF33DD /* CoreLocation.framework in Frameworks */ = {isa = PBXBuildFile; fileRef = FCAD71B2EB9349B59DF7AFEA /* CoreLocation.framework */; };
		75CE05C430F5452FB821A7B1 /* AVFoundation.framework in Frameworks */ = {isa = PBXBuildFile; fileRef = 2A2174C594A441B7B945306E /* AVFoundation.framework */; };
		51C8D7B79E6A4489925B7C6A /* AppVersion.m in Sources */ = {isa = PBXBuildFile; fileRef = 8DF1D1E45032405A81BD84B9 /* AppVersion.m */; };
/* End PBXBuildFile section */

/* Begin PBXContainerItemProxy section */
		301BF534109A57CC0062928A /* PBXContainerItemProxy */ = {
			isa = PBXContainerItemProxy;
			containerPortal = 301BF52D109A57CC0062928A /* CordovaLib.xcodeproj */;
			proxyType = 2;
			remoteGlobalIDString = D2AAC07E0554694100DB518D;
			remoteInfo = CordovaLib;
		};
		301BF550109A68C00062928A /* PBXContainerItemProxy */ = {
			isa = PBXContainerItemProxy;
			containerPortal = 301BF52D109A57CC0062928A /* CordovaLib.xcodeproj */;
			proxyType = 1;
			remoteGlobalIDString = D2AAC07D0554694100DB518D;
			remoteInfo = CordovaLib;
		};
		907D8123214C687600058A10 /* PBXContainerItemProxy */ = {
			isa = PBXContainerItemProxy;
			containerPortal = 301BF52D109A57CC0062928A /* CordovaLib.xcodeproj */;
			proxyType = 2;
			remoteGlobalIDString = C0C01EB21E3911D50056E6CB;
			remoteInfo = Cordova;
		};
/* End PBXContainerItemProxy section */

/* Begin PBXFileReference section */
		0207DA571B56EA530066E2B4 /* Images.xcassets */ = {isa = PBXFileReference; lastKnownFileType = folder.assetcatalog; name = Images.xcassets; path = "Azure-Connect/Images.xcassets"; sourceTree = SOURCE_ROOT; };
		1D3623240D0F684500981E51 /* AppDelegate.h */ = {isa = PBXFileReference; fileEncoding = 4; lastKnownFileType = sourcecode.c.h; path = AppDelegate.h; sourceTree = "<group>"; };
		1D3623250D0F684500981E51 /* AppDelegate.m */ = {isa = PBXFileReference; fileEncoding = 4; lastKnownFileType = sourcecode.c.objc; path = AppDelegate.m; sourceTree = "<group>"; };
		1D6058910D05DD3D006BFB54 /* Azure-Connect.app */ = {isa = PBXFileReference; explicitFileType = wrapper.application; includeInIndex = 0; path = "Azure-Connect.app"; sourceTree = BUILT_PRODUCTS_DIR; };
		29B97316FDCFA39411CA2CEA /* main.m */ = {isa = PBXFileReference; fileEncoding = 4; lastKnownFileType = sourcecode.c.objc; path = main.m; sourceTree = "<group>"; };
		301BF52D109A57CC0062928A /* CordovaLib.xcodeproj */ = {isa = PBXFileReference; lastKnownFileType = "wrapper.pb-project"; name = CordovaLib.xcodeproj; path = CordovaLib/CordovaLib.xcodeproj; sourceTree = "<group>"; };
		301BF56E109A69640062928A /* www */ = {isa = PBXFileReference; lastKnownFileType = folder; path = www; sourceTree = SOURCE_ROOT; };
		302D95EE14D2391D003F00A1 /* MainViewController.h */ = {isa = PBXFileReference; fileEncoding = 4; lastKnownFileType = sourcecode.c.h; path = MainViewController.h; sourceTree = "<group>"; };
		302D95EF14D2391D003F00A1 /* MainViewController.m */ = {isa = PBXFileReference; fileEncoding = 4; lastKnownFileType = sourcecode.c.objc; path = MainViewController.m; sourceTree = "<group>"; };
		302D95F014D2391D003F00A1 /* MainViewController.xib */ = {isa = PBXFileReference; fileEncoding = 4; lastKnownFileType = file.xib; path = MainViewController.xib; sourceTree = "<group>"; };
		3047A50F1AB8059700498E2A /* build-debug.xcconfig */ = {isa = PBXFileReference; fileEncoding = 4; lastKnownFileType = text.xcconfig; name = "build-debug.xcconfig"; path = "cordova/build-debug.xcconfig"; sourceTree = SOURCE_ROOT; };
		3047A5101AB8059700498E2A /* build-release.xcconfig */ = {isa = PBXFileReference; fileEncoding = 4; lastKnownFileType = text.xcconfig; name = "build-release.xcconfig"; path = "cordova/build-release.xcconfig"; sourceTree = SOURCE_ROOT; };
		3047A5111AB8059700498E2A /* build.xcconfig */ = {isa = PBXFileReference; fileEncoding = 4; lastKnownFileType = text.xcconfig; name = build.xcconfig; path = cordova/build.xcconfig; sourceTree = SOURCE_ROOT; };
		32CA4F630368D1EE00C91783 /* Azure-Connect-Prefix.pch */ = {isa = PBXFileReference; fileEncoding = 4; lastKnownFileType = sourcecode.c.h; path = "Azure-Connect-Prefix.pch"; sourceTree = "<group>"; };
		6AFF5BF81D6E424B00AB3073 /* CDVLaunchScreen.storyboard */ = {isa = PBXFileReference; fileEncoding = 4; lastKnownFileType = file.storyboard; name = CDVLaunchScreen.storyboard; path = "Azure-Connect/CDVLaunchScreen.storyboard"; sourceTree = SOURCE_ROOT; };
		8D1107310486CEB800E47090 /* Azure-Connect-Info.plist */ = {isa = PBXFileReference; fileEncoding = 4; lastKnownFileType = text.plist.xml; name = "Azure-Connect-Info.plist"; path = "Azure-Connect/Azure-Connect-Info.plist"; plistStructureDefinitionIdentifier = "com.apple.xcode.plist.structure-definition.iphone.info-plist"; sourceTree = SOURCE_ROOT; };
		EB87FDF31871DA8E0020F90C /* www */ = {isa = PBXFileReference; lastKnownFileType = folder; name = www; path = ../../www; sourceTree = "<group>"; };
		EB87FDF41871DAF40020F90C /* config.xml */ = {isa = PBXFileReference; lastKnownFileType = text.xml; name = config.xml; path = ../../config.xml; sourceTree = "<group>"; };
		ED33DF2A687741AEAF9F8254 /* Bridging-Header.h */ = {isa = PBXFileReference; fileEncoding = 4; lastKnownFileType = sourcecode.c.h; name = "Bridging-Header.h"; path = "Bridging-Header.h"; sourceTree = "<group>"; };
		F840E1F0165FE0F500CFE078 /* config.xml */ = {isa = PBXFileReference; lastKnownFileType = text.xml; name = config.xml; path = "Azure-Connect/config.xml"; sourceTree = "<group>"; };
		6DD05212D0344BE1B69827CF /* CDVDevice.m */ = {isa = PBXFileReference; name = "CDVDevice.m"; path = "cordova-plugin-device/CDVDevice.m"; sourceTree = "<group>"; fileEncoding = 4; lastKnownFileType = sourcecode.c.objc; explicitFileType = undefined; includeInIndex = 0; };
		17F46B6F7B93417BA518493C /* CDVDevice.h */ = {isa = PBXFileReference; name = "CDVDevice.h"; path = "cordova-plugin-device/CDVDevice.h"; sourceTree = "<group>"; fileEncoding = 4; lastKnownFileType = sourcecode.c.h; explicitFileType = undefined; includeInIndex = 0; };
		14D5640273BB43F3A166D278 /* SitewaertsDocumentViewer.m */ = {isa = PBXFileReference; name = "SitewaertsDocumentViewer.m"; path = "cordova-plugin-document-viewer/SitewaertsDocumentViewer.m"; sourceTree = "<group>"; fileEncoding = 4; lastKnownFileType = sourcecode.c.objc; explicitFileType = undefined; includeInIndex = 0; };
		2001BAEF77524FB08F54706E /* CGPDFDocument.m */ = {isa = PBXFileReference; name = "CGPDFDocument.m"; path = "cordova-plugin-document-viewer/CGPDFDocument.m"; sourceTree = "<group>"; fileEncoding = 4; lastKnownFileType = sourcecode.c.objc; explicitFileType = undefined; includeInIndex = 0; };
		53B39DAA89DC4AC294E62CBC /* ReaderConstants.m */ = {isa = PBXFileReference; name = "ReaderConstants.m"; path = "cordova-plugin-document-viewer/ReaderConstants.m"; sourceTree = "<group>"; fileEncoding = 4; lastKnownFileType = sourcecode.c.objc; explicitFileType = undefined; includeInIndex = 0; };
		1D9FBB30C0E648CAADDFB847 /* ReaderContentPage.m */ = {isa = PBXFileReference; name = "ReaderContentPage.m"; path = "cordova-plugin-document-viewer/ReaderContentPage.m"; sourceTree = "<group>"; fileEncoding = 4; lastKnownFileType = sourcecode.c.objc; explicitFileType = undefined; includeInIndex = 0; };
		87BCD52467284D8C8E8094A9 /* ReaderContentTile.m */ = {isa = PBXFileReference; name = "ReaderContentTile.m"; path = "cordova-plugin-document-viewer/ReaderContentTile.m"; sourceTree = "<group>"; fileEncoding = 4; lastKnownFileType = sourcecode.c.objc; explicitFileType = undefined; includeInIndex = 0; };
		D28C0B9EA7E945DDB0FD569A /* ReaderContentView.m */ = {isa = PBXFileReference; name = "ReaderContentView.m"; path = "cordova-plugin-document-viewer/ReaderContentView.m"; sourceTree = "<group>"; fileEncoding = 4; lastKnownFileType = sourcecode.c.objc; explicitFileType = undefined; includeInIndex = 0; };
		FA314A69E2964324B2408B63 /* ReaderDocument.m */ = {isa = PBXFileReference; name = "ReaderDocument.m"; path = "cordova-plugin-document-viewer/ReaderDocument.m"; sourceTree = "<group>"; fileEncoding = 4; lastKnownFileType = sourcecode.c.objc; explicitFileType = undefined; includeInIndex = 0; };
		FC527ABD2F6D49B28BD293D8 /* ReaderDocumentOutline.m */ = {isa = PBXFileReference; name = "ReaderDocumentOutline.m"; path = "cordova-plugin-document-viewer/ReaderDocumentOutline.m"; sourceTree = "<group>"; fileEncoding = 4; lastKnownFileType = sourcecode.c.objc; explicitFileType = undefined; includeInIndex = 0; };
		75620F83366048D6BF859944 /* ReaderMainPagebar.m */ = {isa = PBXFileReference; name = "ReaderMainPagebar.m"; path = "cordova-plugin-document-viewer/ReaderMainPagebar.m"; sourceTree = "<group>"; fileEncoding = 4; lastKnownFileType = sourcecode.c.objc; explicitFileType = undefined; includeInIndex = 0; };
		DDDCEDD90BF24CBEAE7CD4CF /* ReaderMainToolbar.m */ = {isa = PBXFileReference; name = "ReaderMainToolbar.m"; path = "cordova-plugin-document-viewer/ReaderMainToolbar.m"; sourceTree = "<group>"; fileEncoding = 4; lastKnownFileType = sourcecode.c.objc; explicitFileType = undefined; includeInIndex = 0; };
		1A84A07E6FDB457982FE1AEC /* ReaderMainToolbar+SDVReaderMainToolbarPassThrough.m */ = {isa = PBXFileReference; name = "ReaderMainToolbar+SDVReaderMainToolbarPassThrough.m"; path = "cordova-plugin-document-viewer/ReaderMainToolbar+SDVReaderMainToolbarPassThrough.m"; sourceTree = "<group>"; fileEncoding = 4; lastKnownFileType = sourcecode.c.objc; explicitFileType = undefined; includeInIndex = 0; };
		525CF6DE2DF045869E454BF5 /* ReaderThumbCache.m */ = {isa = PBXFileReference; name = "ReaderThumbCache.m"; path = "cordova-plugin-document-viewer/ReaderThumbCache.m"; sourceTree = "<group>"; fileEncoding = 4; lastKnownFileType = sourcecode.c.objc; explicitFileType = undefined; includeInIndex = 0; };
		A97518446D5F47349074A097 /* ReaderThumbFetch.m */ = {isa = PBXFileReference; name = "ReaderThumbFetch.m"; path = "cordova-plugin-document-viewer/ReaderThumbFetch.m"; sourceTree = "<group>"; fileEncoding = 4; lastKnownFileType = sourcecode.c.objc; explicitFileType = undefined; includeInIndex = 0; };
		6F56C2C539AB4D14B7D23348 /* ReaderThumbQueue.m */ = {isa = PBXFileReference; name = "ReaderThumbQueue.m"; path = "cordova-plugin-document-viewer/ReaderThumbQueue.m"; sourceTree = "<group>"; fileEncoding = 4; lastKnownFileType = sourcecode.c.objc; explicitFileType = undefined; includeInIndex = 0; };
		00033AEA4B7B48F1B405EDEB /* ReaderThumbRender.m */ = {isa = PBXFileReference; name = "ReaderThumbRender.m"; path = "cordova-plugin-document-viewer/ReaderThumbRender.m"; sourceTree = "<group>"; fileEncoding = 4; lastKnownFileType = sourcecode.c.objc; explicitFileType = undefined; includeInIndex = 0; };
		E5F31ECFFE84470387CB20E1 /* ReaderThumbRequest.m */ = {isa = PBXFileReference; name = "ReaderThumbRequest.m"; path = "cordova-plugin-document-viewer/ReaderThumbRequest.m"; sourceTree = "<group>"; fileEncoding = 4; lastKnownFileType = sourcecode.c.objc; explicitFileType = undefined; includeInIndex = 0; };
		64620339AAB84B90A4F5F716 /* ReaderThumbsView.m */ = {isa = PBXFileReference; name = "ReaderThumbsView.m"; path = "cordova-plugin-document-viewer/ReaderThumbsView.m"; sourceTree = "<group>"; fileEncoding = 4; lastKnownFileType = sourcecode.c.objc; explicitFileType = undefined; includeInIndex = 0; };
		6640F46823894AE781404F84 /* ReaderThumbView.m */ = {isa = PBXFileReference; name = "ReaderThumbView.m"; path = "cordova-plugin-document-viewer/ReaderThumbView.m"; sourceTree = "<group>"; fileEncoding = 4; lastKnownFileType = sourcecode.c.objc; explicitFileType = undefined; includeInIndex = 0; };
		4BCEDC81F07B4BD09B5A17F5 /* ReaderViewController.m */ = {isa = PBXFileReference; name = "ReaderViewController.m"; path = "cordova-plugin-document-viewer/ReaderViewController.m"; sourceTree = "<group>"; fileEncoding = 4; lastKnownFileType = sourcecode.c.objc; explicitFileType = undefined; includeInIndex = 0; };
		046CB4B915C74B4588099BB6 /* ReaderViewController+SDVReaderViewControllerPassThrough.m */ = {isa = PBXFileReference; name = "ReaderViewController+SDVReaderViewControllerPassThrough.m"; path = "cordova-plugin-document-viewer/ReaderViewController+SDVReaderViewControllerPassThrough.m"; sourceTree = "<group>"; fileEncoding = 4; lastKnownFileType = sourcecode.c.objc; explicitFileType = undefined; includeInIndex = 0; };
		30EFA31E438A4D33AFC7B6AE /* SDVReaderContentViewDoublePage.m */ = {isa = PBXFileReference; name = "SDVReaderContentViewDoublePage.m"; path = "cordova-plugin-document-viewer/SDVReaderContentViewDoublePage.m"; sourceTree = "<group>"; fileEncoding = 4; lastKnownFileType = sourcecode.c.objc; explicitFileType = undefined; includeInIndex = 0; };
		D66E92F9D77D41B5881ACD81 /* SDVReaderMainPagebar.m */ = {isa = PBXFileReference; name = "SDVReaderMainPagebar.m"; path = "cordova-plugin-document-viewer/SDVReaderMainPagebar.m"; sourceTree = "<group>"; fileEncoding = 4; lastKnownFileType = sourcecode.c.objc; explicitFileType = undefined; includeInIndex = 0; };
		65672C64FD814747BB63C2C4 /* SDVReaderMainToolbar.m */ = {isa = PBXFileReference; name = "SDVReaderMainToolbar.m"; path = "cordova-plugin-document-viewer/SDVReaderMainToolbar.m"; sourceTree = "<group>"; fileEncoding = 4; lastKnownFileType = sourcecode.c.objc; explicitFileType = undefined; includeInIndex = 0; };
		EEF8B003B3BB4B58B0A54698 /* SDVReaderViewController.m */ = {isa = PBXFileReference; name = "SDVReaderViewController.m"; path = "cordova-plugin-document-viewer/SDVReaderViewController.m"; sourceTree = "<group>"; fileEncoding = 4; lastKnownFileType = sourcecode.c.objc; explicitFileType = undefined; includeInIndex = 0; };
		624668AADBD9495B843AC207 /* SDVThumbsMainToolbar.m */ = {isa = PBXFileReference; name = "SDVThumbsMainToolbar.m"; path = "cordova-plugin-document-viewer/SDVThumbsMainToolbar.m"; sourceTree = "<group>"; fileEncoding = 4; lastKnownFileType = sourcecode.c.objc; explicitFileType = undefined; includeInIndex = 0; };
		679DC5911F82465290B4D8C6 /* SDVThumbsViewController.m */ = {isa = PBXFileReference; name = "SDVThumbsViewController.m"; path = "cordova-plugin-document-viewer/SDVThumbsViewController.m"; sourceTree = "<group>"; fileEncoding = 4; lastKnownFileType = sourcecode.c.objc; explicitFileType = undefined; includeInIndex = 0; };
		172F7E4F73F24608ADD04927 /* ThumbsMainToolbar.m */ = {isa = PBXFileReference; name = "ThumbsMainToolbar.m"; path = "cordova-plugin-document-viewer/ThumbsMainToolbar.m"; sourceTree = "<group>"; fileEncoding = 4; lastKnownFileType = sourcecode.c.objc; explicitFileType = undefined; includeInIndex = 0; };
		8D5900FBAEDD4C9D82FE9340 /* ThumbsMainToolbar+SDVThumbsMainToolbarPassThrough.m */ = {isa = PBXFileReference; name = "ThumbsMainToolbar+SDVThumbsMainToolbarPassThrough.m"; path = "cordova-plugin-document-viewer/ThumbsMainToolbar+SDVThumbsMainToolbarPassThrough.m"; sourceTree = "<group>"; fileEncoding = 4; lastKnownFileType = sourcecode.c.objc; explicitFileType = undefined; includeInIndex = 0; };
		372DB7CB28054A4CABE3F3BE /* ThumbsViewController.m */ = {isa = PBXFileReference; name = "ThumbsViewController.m"; path = "cordova-plugin-document-viewer/ThumbsViewController.m"; sourceTree = "<group>"; fileEncoding = 4; lastKnownFileType = sourcecode.c.objc; explicitFileType = undefined; includeInIndex = 0; };
		856E584729CE403792B57765 /* ThumbsViewController+SDVThumbsViewControllerPassThrough.m */ = {isa = PBXFileReference; name = "ThumbsViewController+SDVThumbsViewControllerPassThrough.m"; path = "cordova-plugin-document-viewer/ThumbsViewController+SDVThumbsViewControllerPassThrough.m"; sourceTree = "<group>"; fileEncoding = 4; lastKnownFileType = sourcecode.c.objc; explicitFileType = undefined; includeInIndex = 0; };
		2DC7C6F4EA844411B1A18B4E /* UIXToolbarView.m */ = {isa = PBXFileReference; name = "UIXToolbarView.m"; path = "cordova-plugin-document-viewer/UIXToolbarView.m"; sourceTree = "<group>"; fileEncoding = 4; lastKnownFileType = sourcecode.c.objc; explicitFileType = undefined; includeInIndex = 0; };
		B2AD4413356B4E8792CDA35A /* SitewaertsDocumentViewer.h */ = {isa = PBXFileReference; name = "SitewaertsDocumentViewer.h"; path = "cordova-plugin-document-viewer/SitewaertsDocumentViewer.h"; sourceTree = "<group>"; fileEncoding = 4; lastKnownFileType = sourcecode.c.h; explicitFileType = undefined; includeInIndex = 0; };
		FBE04A3D868842F394378AF9 /* CGPDFDocument.h */ = {isa = PBXFileReference; name = "CGPDFDocument.h"; path = "cordova-plugin-document-viewer/CGPDFDocument.h"; sourceTree = "<group>"; fileEncoding = 4; lastKnownFileType = sourcecode.c.h; explicitFileType = undefined; includeInIndex = 0; };
		2F8BF9AEF95B428C9D831FCB /* ReaderConstants.h */ = {isa = PBXFileReference; name = "ReaderConstants.h"; path = "cordova-plugin-document-viewer/ReaderConstants.h"; sourceTree = "<group>"; fileEncoding = 4; lastKnownFileType = sourcecode.c.h; explicitFileType = undefined; includeInIndex = 0; };
		913415494C134836B04FE77A /* ReaderContentPage.h */ = {isa = PBXFileReference; name = "ReaderContentPage.h"; path = "cordova-plugin-document-viewer/ReaderContentPage.h"; sourceTree = "<group>"; fileEncoding = 4; lastKnownFileType = sourcecode.c.h; explicitFileType = undefined; includeInIndex = 0; };
		5C2F9CFA00B84CCAAC64E621 /* ReaderContentTile.h */ = {isa = PBXFileReference; name = "ReaderContentTile.h"; path = "cordova-plugin-document-viewer/ReaderContentTile.h"; sourceTree = "<group>"; fileEncoding = 4; lastKnownFileType = sourcecode.c.h; explicitFileType = undefined; includeInIndex = 0; };
		C60B78DBD3EF418BA1DAD984 /* ReaderContentView.h */ = {isa = PBXFileReference; name = "ReaderContentView.h"; path = "cordova-plugin-document-viewer/ReaderContentView.h"; sourceTree = "<group>"; fileEncoding = 4; lastKnownFileType = sourcecode.c.h; explicitFileType = undefined; includeInIndex = 0; };
		0B0AEF898F014170B71DBE8A /* ReaderDocument.h */ = {isa = PBXFileReference; name = "ReaderDocument.h"; path = "cordova-plugin-document-viewer/ReaderDocument.h"; sourceTree = "<group>"; fileEncoding = 4; lastKnownFileType = sourcecode.c.h; explicitFileType = undefined; includeInIndex = 0; };
		E03004CFFA7249828DCA13CA /* ReaderDocumentOutline.h */ = {isa = PBXFileReference; name = "ReaderDocumentOutline.h"; path = "cordova-plugin-document-viewer/ReaderDocumentOutline.h"; sourceTree = "<group>"; fileEncoding = 4; lastKnownFileType = sourcecode.c.h; explicitFileType = undefined; includeInIndex = 0; };
		CFA4FEE137484A7CB93F24A3 /* ReaderMainPagebar.h */ = {isa = PBXFileReference; name = "ReaderMainPagebar.h"; path = "cordova-plugin-document-viewer/ReaderMainPagebar.h"; sourceTree = "<group>"; fileEncoding = 4; lastKnownFileType = sourcecode.c.h; explicitFileType = undefined; includeInIndex = 0; };
		4A11357F30204F1BB6AA1808 /* ReaderMainToolbar.h */ = {isa = PBXFileReference; name = "ReaderMainToolbar.h"; path = "cordova-plugin-document-viewer/ReaderMainToolbar.h"; sourceTree = "<group>"; fileEncoding = 4; lastKnownFileType = sourcecode.c.h; explicitFileType = undefined; includeInIndex = 0; };
		FF433276689A45D4B3CD7593 /* ReaderMainToolbar+SDVReaderMainToolbarPassThrough.h */ = {isa = PBXFileReference; name = "ReaderMainToolbar+SDVReaderMainToolbarPassThrough.h"; path = "cordova-plugin-document-viewer/ReaderMainToolbar+SDVReaderMainToolbarPassThrough.h"; sourceTree = "<group>"; fileEncoding = 4; lastKnownFileType = sourcecode.c.h; explicitFileType = undefined; includeInIndex = 0; };
		182FE0883AAE403DA4FF648B /* ReaderThumbCache.h */ = {isa = PBXFileReference; name = "ReaderThumbCache.h"; path = "cordova-plugin-document-viewer/ReaderThumbCache.h"; sourceTree = "<group>"; fileEncoding = 4; lastKnownFileType = sourcecode.c.h; explicitFileType = undefined; includeInIndex = 0; };
		C218F49C30204B1A9168F5F9 /* ReaderThumbFetch.h */ = {isa = PBXFileReference; name = "ReaderThumbFetch.h"; path = "cordova-plugin-document-viewer/ReaderThumbFetch.h"; sourceTree = "<group>"; fileEncoding = 4; lastKnownFileType = sourcecode.c.h; explicitFileType = undefined; includeInIndex = 0; };
		AC6F417F6D7E475FAF4E1120 /* ReaderThumbQueue.h */ = {isa = PBXFileReference; name = "ReaderThumbQueue.h"; path = "cordova-plugin-document-viewer/ReaderThumbQueue.h"; sourceTree = "<group>"; fileEncoding = 4; lastKnownFileType = sourcecode.c.h; explicitFileType = undefined; includeInIndex = 0; };
		A30DBE65C0154CB5A822C9DF /* ReaderThumbRender.h */ = {isa = PBXFileReference; name = "ReaderThumbRender.h"; path = "cordova-plugin-document-viewer/ReaderThumbRender.h"; sourceTree = "<group>"; fileEncoding = 4; lastKnownFileType = sourcecode.c.h; explicitFileType = undefined; includeInIndex = 0; };
		EA324B2E199049D790562513 /* ReaderThumbRequest.h */ = {isa = PBXFileReference; name = "ReaderThumbRequest.h"; path = "cordova-plugin-document-viewer/ReaderThumbRequest.h"; sourceTree = "<group>"; fileEncoding = 4; lastKnownFileType = sourcecode.c.h; explicitFileType = undefined; includeInIndex = 0; };
		A63033C64B9E4B4C883B2D3B /* ReaderThumbsView.h */ = {isa = PBXFileReference; name = "ReaderThumbsView.h"; path = "cordova-plugin-document-viewer/ReaderThumbsView.h"; sourceTree = "<group>"; fileEncoding = 4; lastKnownFileType = sourcecode.c.h; explicitFileType = undefined; includeInIndex = 0; };
		7C462B9A181845C98E490C04 /* ReaderThumbView.h */ = {isa = PBXFileReference; name = "ReaderThumbView.h"; path = "cordova-plugin-document-viewer/ReaderThumbView.h"; sourceTree = "<group>"; fileEncoding = 4; lastKnownFileType = sourcecode.c.h; explicitFileType = undefined; includeInIndex = 0; };
		48FC1FBC68F440DFAEA6A764 /* ReaderViewController.h */ = {isa = PBXFileReference; name = "ReaderViewController.h"; path = "cordova-plugin-document-viewer/ReaderViewController.h"; sourceTree = "<group>"; fileEncoding = 4; lastKnownFileType = sourcecode.c.h; explicitFileType = undefined; includeInIndex = 0; };
		23BF694163D4472999CDBA76 /* ReaderViewController+SDVReaderViewControllerPassThrough.h */ = {isa = PBXFileReference; name = "ReaderViewController+SDVReaderViewControllerPassThrough.h"; path = "cordova-plugin-document-viewer/ReaderViewController+SDVReaderViewControllerPassThrough.h"; sourceTree = "<group>"; fileEncoding = 4; lastKnownFileType = sourcecode.c.h; explicitFileType = undefined; includeInIndex = 0; };
		DB2D227AB9154C33B4AFA865 /* SDVReaderContentViewDoublePage.h */ = {isa = PBXFileReference; name = "SDVReaderContentViewDoublePage.h"; path = "cordova-plugin-document-viewer/SDVReaderContentViewDoublePage.h"; sourceTree = "<group>"; fileEncoding = 4; lastKnownFileType = sourcecode.c.h; explicitFileType = undefined; includeInIndex = 0; };
		F18D264256AB4BA09EEF81C1 /* SDVReaderMainPagebar.h */ = {isa = PBXFileReference; name = "SDVReaderMainPagebar.h"; path = "cordova-plugin-document-viewer/SDVReaderMainPagebar.h"; sourceTree = "<group>"; fileEncoding = 4; lastKnownFileType = sourcecode.c.h; explicitFileType = undefined; includeInIndex = 0; };
		CCD797F93F484FEF94A8549C /* SDVReaderMainToolbar.h */ = {isa = PBXFileReference; name = "SDVReaderMainToolbar.h"; path = "cordova-plugin-document-viewer/SDVReaderMainToolbar.h"; sourceTree = "<group>"; fileEncoding = 4; lastKnownFileType = sourcecode.c.h; explicitFileType = undefined; includeInIndex = 0; };
		4A4BC7C6AB9F42219ADF9257 /* SDVReaderViewController.h */ = {isa = PBXFileReference; name = "SDVReaderViewController.h"; path = "cordova-plugin-document-viewer/SDVReaderViewController.h"; sourceTree = "<group>"; fileEncoding = 4; lastKnownFileType = sourcecode.c.h; explicitFileType = undefined; includeInIndex = 0; };
		4335A245209C45C8B33F140C /* SDVThumbsMainToolbar.h */ = {isa = PBXFileReference; name = "SDVThumbsMainToolbar.h"; path = "cordova-plugin-document-viewer/SDVThumbsMainToolbar.h"; sourceTree = "<group>"; fileEncoding = 4; lastKnownFileType = sourcecode.c.h; explicitFileType = undefined; includeInIndex = 0; };
		C1C2D4A8577542FF801160A6 /* SDVThumbsViewController.h */ = {isa = PBXFileReference; name = "SDVThumbsViewController.h"; path = "cordova-plugin-document-viewer/SDVThumbsViewController.h"; sourceTree = "<group>"; fileEncoding = 4; lastKnownFileType = sourcecode.c.h; explicitFileType = undefined; includeInIndex = 0; };
		E2F4282E5DDF485EAEC36D87 /* ThumbsMainToolbar.h */ = {isa = PBXFileReference; name = "ThumbsMainToolbar.h"; path = "cordova-plugin-document-viewer/ThumbsMainToolbar.h"; sourceTree = "<group>"; fileEncoding = 4; lastKnownFileType = sourcecode.c.h; explicitFileType = undefined; includeInIndex = 0; };
		13FCA2AABD814A44AB654D45 /* ThumbsMainToolbar+SDVThumbsMainToolbarPassThrough.h */ = {isa = PBXFileReference; name = "ThumbsMainToolbar+SDVThumbsMainToolbarPassThrough.h"; path = "cordova-plugin-document-viewer/ThumbsMainToolbar+SDVThumbsMainToolbarPassThrough.h"; sourceTree = "<group>"; fileEncoding = 4; lastKnownFileType = sourcecode.c.h; explicitFileType = undefined; includeInIndex = 0; };
		9B61BDC3F859488098B939F8 /* ThumbsViewController.h */ = {isa = PBXFileReference; name = "ThumbsViewController.h"; path = "cordova-plugin-document-viewer/ThumbsViewController.h"; sourceTree = "<group>"; fileEncoding = 4; lastKnownFileType = sourcecode.c.h; explicitFileType = undefined; includeInIndex = 0; };
		452594328B154E6D829F8B8C /* ThumbsViewController+SDVThumbsViewControllerPassThrough.h */ = {isa = PBXFileReference; name = "ThumbsViewController+SDVThumbsViewControllerPassThrough.h"; path = "cordova-plugin-document-viewer/ThumbsViewController+SDVThumbsViewControllerPassThrough.h"; sourceTree = "<group>"; fileEncoding = 4; lastKnownFileType = sourcecode.c.h; explicitFileType = undefined; includeInIndex = 0; };
		123811DAD1624E01974E3D60 /* UIXToolbarView.h */ = {isa = PBXFileReference; name = "UIXToolbarView.h"; path = "cordova-plugin-document-viewer/UIXToolbarView.h"; sourceTree = "<group>"; fileEncoding = 4; lastKnownFileType = sourcecode.c.h; explicitFileType = undefined; includeInIndex = 0; };
		9F80E9CDACF2408C86F8A0C3 /* Default-568h@2x.png */ = {isa = PBXFileReference; name = "Default-568h@2x.png"; path = "Default-568h@2x.png"; sourceTree = "<group>"; fileEncoding = undefined; lastKnownFileType = unknown; explicitFileType = undefined; includeInIndex = 0; };
		30671023FC204C4C9C4D17D2 /* Reader-Button-H.png */ = {isa = PBXFileReference; name = "Reader-Button-H.png"; path = "Reader-Button-H.png"; sourceTree = "<group>"; fileEncoding = undefined; lastKnownFileType = unknown; explicitFileType = undefined; includeInIndex = 0; };
		B8793F6DA571483CBABBE866 /* Reader-Button-H@2x.png */ = {isa = PBXFileReference; name = "Reader-Button-H@2x.png"; path = "Reader-Button-H@2x.png"; sourceTree = "<group>"; fileEncoding = undefined; lastKnownFileType = unknown; explicitFileType = undefined; includeInIndex = 0; };
		03CDF2C08EF14D9A986A24AD /* Reader-Button-N.png */ = {isa = PBXFileReference; name = "Reader-Button-N.png"; path = "Reader-Button-N.png"; sourceTree = "<group>"; fileEncoding = undefined; lastKnownFileType = unknown; explicitFileType = undefined; includeInIndex = 0; };
		562C541EF22D47E78DF78A24 /* Reader-Button-N@2x.png */ = {isa = PBXFileReference; name = "Reader-Button-N@2x.png"; path = "Reader-Button-N@2x.png"; sourceTree = "<group>"; fileEncoding = undefined; lastKnownFileType = unknown; explicitFileType = undefined; includeInIndex = 0; };
		861DAECCB6254DD787257423 /* Reader-Email.png */ = {isa = PBXFileReference; name = "Reader-Email.png"; path = "Reader-Email.png"; sourceTree = "<group>"; fileEncoding = undefined; lastKnownFileType = unknown; explicitFileType = undefined; includeInIndex = 0; };
		E4F1259271FC4AE69B4934CF /* Reader-Email@2x.png */ = {isa = PBXFileReference; name = "Reader-Email@2x.png"; path = "Reader-Email@2x.png"; sourceTree = "<group>"; fileEncoding = undefined; lastKnownFileType = unknown; explicitFileType = undefined; includeInIndex = 0; };
		91057CF1C15844DD8C756FD8 /* Reader-Export.png */ = {isa = PBXFileReference; name = "Reader-Export.png"; path = "Reader-Export.png"; sourceTree = "<group>"; fileEncoding = undefined; lastKnownFileType = unknown; explicitFileType = undefined; includeInIndex = 0; };
		94202CA58A5B479DB5ED643F /* Reader-Export@2x.png */ = {isa = PBXFileReference; name = "Reader-Export@2x.png"; path = "Reader-Export@2x.png"; sourceTree = "<group>"; fileEncoding = undefined; lastKnownFileType = unknown; explicitFileType = undefined; includeInIndex = 0; };
		0EA647922270407E9E5F5E7A /* Reader-Mark-N.png */ = {isa = PBXFileReference; name = "Reader-Mark-N.png"; path = "Reader-Mark-N.png"; sourceTree = "<group>"; fileEncoding = undefined; lastKnownFileType = unknown; explicitFileType = undefined; includeInIndex = 0; };
		0BC6C1BB580148EFA32EF2E9 /* Reader-Mark-N@2x.png */ = {isa = PBXFileReference; name = "Reader-Mark-N@2x.png"; path = "Reader-Mark-N@2x.png"; sourceTree = "<group>"; fileEncoding = undefined; lastKnownFileType = unknown; explicitFileType = undefined; includeInIndex = 0; };
		5D8486DC6A274CACA9F29208 /* Reader-Mark-Y.png */ = {isa = PBXFileReference; name = "Reader-Mark-Y.png"; path = "Reader-Mark-Y.png"; sourceTree = "<group>"; fileEncoding = undefined; lastKnownFileType = unknown; explicitFileType = undefined; includeInIndex = 0; };
		918BF667926A4F759415240B /* Reader-Mark-Y@2x.png */ = {isa = PBXFileReference; name = "Reader-Mark-Y@2x.png"; path = "Reader-Mark-Y@2x.png"; sourceTree = "<group>"; fileEncoding = undefined; lastKnownFileType = unknown; explicitFileType = undefined; includeInIndex = 0; };
		9BC888243768485C80CD2B22 /* Reader-Print.png */ = {isa = PBXFileReference; name = "Reader-Print.png"; path = "Reader-Print.png"; sourceTree = "<group>"; fileEncoding = undefined; lastKnownFileType = unknown; explicitFileType = undefined; includeInIndex = 0; };
		724FEA8703C744F0B8FDBAF3 /* Reader-Print@2x.png */ = {isa = PBXFileReference; name = "Reader-Print@2x.png"; path = "Reader-Print@2x.png"; sourceTree = "<group>"; fileEncoding = undefined; lastKnownFileType = unknown; explicitFileType = undefined; includeInIndex = 0; };
		306647E449BA4494A1013120 /* Reader-Thumbs.png */ = {isa = PBXFileReference; name = "Reader-Thumbs.png"; path = "Reader-Thumbs.png"; sourceTree = "<group>"; fileEncoding = undefined; lastKnownFileType = unknown; explicitFileType = undefined; includeInIndex = 0; };
		548CB03D36EA4FABB64C4A3C /* Reader-Thumbs@2x.png */ = {isa = PBXFileReference; name = "Reader-Thumbs@2x.png"; path = "Reader-Thumbs@2x.png"; sourceTree = "<group>"; fileEncoding = undefined; lastKnownFileType = unknown; explicitFileType = undefined; includeInIndex = 0; };
		62C17000D0D54AA4AFD05C25 /* SDVReader-CoverPage.png */ = {isa = PBXFileReference; name = "SDVReader-CoverPage.png"; path = "SDVReader-CoverPage.png"; sourceTree = "<group>"; fileEncoding = undefined; lastKnownFileType = unknown; explicitFileType = undefined; includeInIndex = 0; };
		AC165770F52C4D7080F869BC /* SDVReader-CoverPage@2x.png */ = {isa = PBXFileReference; name = "SDVReader-CoverPage@2x.png"; path = "SDVReader-CoverPage@2x.png"; sourceTree = "<group>"; fileEncoding = undefined; lastKnownFileType = unknown; explicitFileType = undefined; includeInIndex = 0; };
		F789247EC3A04ADCB23E1213 /* SDVReader-DoublePage.png */ = {isa = PBXFileReference; name = "SDVReader-DoublePage.png"; path = "SDVReader-DoublePage.png"; sourceTree = "<group>"; fileEncoding = undefined; lastKnownFileType = unknown; explicitFileType = undefined; includeInIndex = 0; };
		7A6E856E1F83424A88C331AD /* SDVReader-DoublePage@2x.png */ = {isa = PBXFileReference; name = "SDVReader-DoublePage@2x.png"; path = "SDVReader-DoublePage@2x.png"; sourceTree = "<group>"; fileEncoding = undefined; lastKnownFileType = unknown; explicitFileType = undefined; includeInIndex = 0; };
		54F3EB91EDA94CDBA00AB317 /* SDVReader-Outline.png */ = {isa = PBXFileReference; name = "SDVReader-Outline.png"; path = "SDVReader-Outline.png"; sourceTree = "<group>"; fileEncoding = undefined; lastKnownFileType = unknown; explicitFileType = undefined; includeInIndex = 0; };
		4E24E76B1BD9460AAFA2A5C3 /* SDVReader-Outline@2x.png */ = {isa = PBXFileReference; name = "SDVReader-Outline@2x.png"; path = "SDVReader-Outline@2x.png"; sourceTree = "<group>"; fileEncoding = undefined; lastKnownFileType = unknown; explicitFileType = undefined; includeInIndex = 0; };
		86203670C9C74ACC88F82786 /* SDVReader-SinglePage.png */ = {isa = PBXFileReference; name = "SDVReader-SinglePage.png"; path = "SDVReader-SinglePage.png"; sourceTree = "<group>"; fileEncoding = undefined; lastKnownFileType = unknown; explicitFileType = undefined; includeInIndex = 0; };
		45A90F78ABF945C8A96BC657 /* SDVReader-SinglePage@2x.png */ = {isa = PBXFileReference; name = "SDVReader-SinglePage@2x.png"; path = "SDVReader-SinglePage@2x.png"; sourceTree = "<group>"; fileEncoding = undefined; lastKnownFileType = unknown; explicitFileType = undefined; includeInIndex = 0; };
		68778A04FA7F4C51BB5EB8BF /* UIKit.framework */ = {isa = PBXFileReference; name = "UIKit.framework"; path = "System/Library/Frameworks/UIKit.framework"; sourceTree = SDKROOT; fileEncoding = undefined; lastKnownFileType = wrapper.framework; explicitFileType = undefined; includeInIndex = 0; };
		13E5CB215A5043ECB4463049 /* Foundation.framework */ = {isa = PBXFileReference; name = "Foundation.framework"; path = "System/Library/Frameworks/Foundation.framework"; sourceTree = SDKROOT; fileEncoding = undefined; lastKnownFileType = wrapper.framework; explicitFileType = undefined; includeInIndex = 0; };
		A8F2B45CE53D49B4B41B7470 /* QuartzCore.framework */ = {isa = PBXFileReference; name = "QuartzCore.framework"; path = "System/Library/Frameworks/QuartzCore.framework"; sourceTree = SDKROOT; fileEncoding = undefined; lastKnownFileType = wrapper.framework; explicitFileType = undefined; includeInIndex = 0; };
		53BEE3EC672446B382B3AA2E /* ImageIO.framework */ = {isa = PBXFileReference; name = "ImageIO.framework"; path = "System/Library/Frameworks/ImageIO.framework"; sourceTree = SDKROOT; fileEncoding = undefined; lastKnownFileType = wrapper.framework; explicitFileType = undefined; includeInIndex = 0; };
		FA5469440CA446799C65AFAE /* MessageUI.framework */ = {isa = PBXFileReference; name = "MessageUI.framework"; path = "System/Library/Frameworks/MessageUI.framework"; sourceTree = SDKROOT; fileEncoding = undefined; lastKnownFileType = wrapper.framework; explicitFileType = undefined; includeInIndex = 0; };
		372E72A66DAB493EAA34D565 /* CDVFile.m */ = {isa = PBXFileReference; name = "CDVFile.m"; path = "cordova-plugin-file/CDVFile.m"; sourceTree = "<group>"; fileEncoding = 4; lastKnownFileType = sourcecode.c.objc; explicitFileType = undefined; includeInIndex = 0; };
		20DE23EB3AA34BB0A4CAABD0 /* CDVLocalFilesystem.m */ = {isa = PBXFileReference; name = "CDVLocalFilesystem.m"; path = "cordova-plugin-file/CDVLocalFilesystem.m"; sourceTree = "<group>"; fileEncoding = 4; lastKnownFileType = sourcecode.c.objc; explicitFileType = undefined; includeInIndex = 0; };
		4D32D4932FA14F918F4C1794 /* CDVAssetLibraryFilesystem.m */ = {isa = PBXFileReference; name = "CDVAssetLibraryFilesystem.m"; path = "cordova-plugin-file/CDVAssetLibraryFilesystem.m"; sourceTree = "<group>"; fileEncoding = 4; lastKnownFileType = sourcecode.c.objc; explicitFileType = undefined; includeInIndex = 0; };
		2CFAAA258D5F474F9F43662F /* CDVFile.h */ = {isa = PBXFileReference; name = "CDVFile.h"; path = "cordova-plugin-file/CDVFile.h"; sourceTree = "<group>"; fileEncoding = 4; lastKnownFileType = sourcecode.c.h; explicitFileType = undefined; includeInIndex = 0; };
		C2577EDA9FC7445EB56879DB /* CDVLocalFilesystem.h */ = {isa = PBXFileReference; name = "CDVLocalFilesystem.h"; path = "cordova-plugin-file/CDVLocalFilesystem.h"; sourceTree = "<group>"; fileEncoding = 4; lastKnownFileType = sourcecode.c.h; explicitFileType = undefined; includeInIndex = 0; };
		24B2EBF82228413BB7521298 /* CDVAssetLibraryFilesystem.h */ = {isa = PBXFileReference; name = "CDVAssetLibraryFilesystem.h"; path = "cordova-plugin-file/CDVAssetLibraryFilesystem.h"; sourceTree = "<group>"; fileEncoding = 4; lastKnownFileType = sourcecode.c.h; explicitFileType = undefined; includeInIndex = 0; };
		E383019075AA484CAC058546 /* FileOpener2.m */ = {isa = PBXFileReference; name = "FileOpener2.m"; path = "cordova-plugin-file-opener2/FileOpener2.m"; sourceTree = "<group>"; fileEncoding = 4; lastKnownFileType = sourcecode.c.objc; explicitFileType = undefined; includeInIndex = 0; };
		B9DDB51AF01F4D1795C54079 /* FileOpener2.h */ = {isa = PBXFileReference; name = "FileOpener2.h"; path = "cordova-plugin-file-opener2/FileOpener2.h"; sourceTree = "<group>"; fileEncoding = 4; lastKnownFileType = sourcecode.c.h; explicitFileType = undefined; includeInIndex = 0; };
		4435CAFFA32F4442BF91B4B8 /* CDVFileTransfer.m */ = {isa = PBXFileReference; name = "CDVFileTransfer.m"; path = "cordova-plugin-file-transfer/CDVFileTransfer.m"; sourceTree = "<group>"; fileEncoding = 4; lastKnownFileType = sourcecode.c.objc; explicitFileType = undefined; includeInIndex = 0; };
		967F05BEC8C64938AFA08314 /* CDVFileTransfer.h */ = {isa = PBXFileReference; name = "CDVFileTransfer.h"; path = "cordova-plugin-file-transfer/CDVFileTransfer.h"; sourceTree = "<group>"; fileEncoding = 4; lastKnownFileType = sourcecode.c.h; explicitFileType = undefined; includeInIndex = 0; };
		0EA07263F203433EA1D13161 /* CDVIonicKeyboard.m */ = {isa = PBXFileReference; name = "CDVIonicKeyboard.m"; path = "cordova-plugin-ionic-keyboard/CDVIonicKeyboard.m"; sourceTree = "<group>"; fileEncoding = 4; lastKnownFileType = sourcecode.c.objc; explicitFileType = undefined; includeInIndex = 0; };
		79FA5ED70AE647989AB000D3 /* CDVIonicKeyboard.h */ = {isa = PBXFileReference; name = "CDVIonicKeyboard.h"; path = "cordova-plugin-ionic-keyboard/CDVIonicKeyboard.h"; sourceTree = "<group>"; fileEncoding = 4; lastKnownFileType = sourcecode.c.h; explicitFileType = undefined; includeInIndex = 0; };
		A4371A57C6574241B860F468 /* CDVWKWebViewEngine.m */ = {isa = PBXFileReference; name = "CDVWKWebViewEngine.m"; path = "cordova-plugin-ionic-webview/CDVWKWebViewEngine.m"; sourceTree = "<group>"; fileEncoding = 4; lastKnownFileType = sourcecode.c.objc; explicitFileType = undefined; includeInIndex = 0; };
		F8A413940BA84BDDA46A36F6 /* CDVWKWebViewUIDelegate.m */ = {isa = PBXFileReference; name = "CDVWKWebViewUIDelegate.m"; path = "cordova-plugin-ionic-webview/CDVWKWebViewUIDelegate.m"; sourceTree = "<group>"; fileEncoding = 4; lastKnownFileType = sourcecode.c.objc; explicitFileType = undefined; includeInIndex = 0; };
		1E942F095C0741548F6FEB57 /* CDVWKProcessPoolFactory.m */ = {isa = PBXFileReference; name = "CDVWKProcessPoolFactory.m"; path = "cordova-plugin-ionic-webview/CDVWKProcessPoolFactory.m"; sourceTree = "<group>"; fileEncoding = 4; lastKnownFileType = sourcecode.c.objc; explicitFileType = undefined; includeInIndex = 0; };
		4E4563B772104190933C4C1B /* IONAssetHandler.m */ = {isa = PBXFileReference; name = "IONAssetHandler.m"; path = "cordova-plugin-ionic-webview/IONAssetHandler.m"; sourceTree = "<group>"; fileEncoding = 4; lastKnownFileType = sourcecode.c.objc; explicitFileType = undefined; includeInIndex = 0; };
		5396AC2FF0CA4DE09A515D9E /* CDVWKWebViewEngine.h */ = {isa = PBXFileReference; name = "CDVWKWebViewEngine.h"; path = "cordova-plugin-ionic-webview/CDVWKWebViewEngine.h"; sourceTree = "<group>"; fileEncoding = 4; lastKnownFileType = sourcecode.c.h; explicitFileType = undefined; includeInIndex = 0; };
		E3B0BDA4C6E94E2D889455E2 /* CDVWKWebViewUIDelegate.h */ = {isa = PBXFileReference; name = "CDVWKWebViewUIDelegate.h"; path = "cordova-plugin-ionic-webview/CDVWKWebViewUIDelegate.h"; sourceTree = "<group>"; fileEncoding = 4; lastKnownFileType = sourcecode.c.h; explicitFileType = undefined; includeInIndex = 0; };
		8C40BF4AD0F24FDB8F9993B0 /* CDVWKProcessPoolFactory.h */ = {isa = PBXFileReference; name = "CDVWKProcessPoolFactory.h"; path = "cordova-plugin-ionic-webview/CDVWKProcessPoolFactory.h"; sourceTree = "<group>"; fileEncoding = 4; lastKnownFileType = sourcecode.c.h; explicitFileType = undefined; includeInIndex = 0; };
		48FD114D39B2477EBC909C07 /* IONAssetHandler.h */ = {isa = PBXFileReference; name = "IONAssetHandler.h"; path = "cordova-plugin-ionic-webview/IONAssetHandler.h"; sourceTree = "<group>"; fileEncoding = 4; lastKnownFileType = sourcecode.c.h; explicitFileType = undefined; includeInIndex = 0; };
		E3FCEDB9204945B7873FE706 /* WebKit.framework */ = {isa = PBXFileReference; name = "WebKit.framework"; path = "System/Library/Frameworks/WebKit.framework"; sourceTree = SDKROOT; fileEncoding = undefined; lastKnownFileType = wrapper.framework; explicitFileType = undefined; includeInIndex = 0; };
		956D67FAD4CC4BC9996E165D /* CDVSplashScreen.m */ = {isa = PBXFileReference; name = "CDVSplashScreen.m"; path = "cordova-plugin-splashscreen/CDVSplashScreen.m"; sourceTree = "<group>"; fileEncoding = 4; lastKnownFileType = sourcecode.c.objc; explicitFileType = undefined; includeInIndex = 0; };
		32C2F6D55CBA43019E1C7DEF /* CDVViewController+SplashScreen.m */ = {isa = PBXFileReference; name = "CDVViewController+SplashScreen.m"; path = "cordova-plugin-splashscreen/CDVViewController+SplashScreen.m"; sourceTree = "<group>"; fileEncoding = 4; lastKnownFileType = sourcecode.c.objc; explicitFileType = undefined; includeInIndex = 0; };
		8C7B79C36872450A9B6D331E /* CDVSplashScreen.h */ = {isa = PBXFileReference; name = "CDVSplashScreen.h"; path = "cordova-plugin-splashscreen/CDVSplashScreen.h"; sourceTree = "<group>"; fileEncoding = 4; lastKnownFileType = sourcecode.c.h; explicitFileType = undefined; includeInIndex = 0; };
		EB420E4891D6436A96E5DDC8 /* CDVViewController+SplashScreen.h */ = {isa = PBXFileReference; name = "CDVViewController+SplashScreen.h"; path = "cordova-plugin-splashscreen/CDVViewController+SplashScreen.h"; sourceTree = "<group>"; fileEncoding = 4; lastKnownFileType = sourcecode.c.h; explicitFileType = undefined; includeInIndex = 0; };
		D4479C2EC0584846AF541F30 /* CDVStatusBar.m */ = {isa = PBXFileReference; name = "CDVStatusBar.m"; path = "cordova-plugin-statusbar/CDVStatusBar.m"; sourceTree = "<group>"; fileEncoding = 4; lastKnownFileType = sourcecode.c.objc; explicitFileType = undefined; includeInIndex = 0; };
		B959EAC75E9C48F2AB7758D6 /* CDVStatusBar.h */ = {isa = PBXFileReference; name = "CDVStatusBar.h"; path = "cordova-plugin-statusbar/CDVStatusBar.h"; sourceTree = "<group>"; fileEncoding = 4; lastKnownFileType = sourcecode.c.h; explicitFileType = undefined; includeInIndex = 0; };
		815C14CE41434FFAB3E485F5 /* UIImage+CropScaleOrientation.m */ = {isa = PBXFileReference; name = "UIImage+CropScaleOrientation.m"; path = "cordova-plugin-camera/UIImage+CropScaleOrientation.m"; sourceTree = "<group>"; fileEncoding = 4; lastKnownFileType = sourcecode.c.objc; explicitFileType = undefined; includeInIndex = 0; };
		705FA82DFBCA4BC2A53C4AF1 /* CDVCamera.m */ = {isa = PBXFileReference; name = "CDVCamera.m"; path = "cordova-plugin-camera/CDVCamera.m"; sourceTree = "<group>"; fileEncoding = 4; lastKnownFileType = sourcecode.c.objc; explicitFileType = undefined; includeInIndex = 0; };
		297EB7ADF99D4CCC88654363 /* CDVJpegHeaderWriter.m */ = {isa = PBXFileReference; name = "CDVJpegHeaderWriter.m"; path = "cordova-plugin-camera/CDVJpegHeaderWriter.m"; sourceTree = "<group>"; fileEncoding = 4; lastKnownFileType = sourcecode.c.objc; explicitFileType = undefined; includeInIndex = 0; };
		3F11F627604D4B209265B9EA /* UIImage+CropScaleOrientation.h */ = {isa = PBXFileReference; name = "UIImage+CropScaleOrientation.h"; path = "cordova-plugin-camera/UIImage+CropScaleOrientation.h"; sourceTree = "<group>"; fileEncoding = 4; lastKnownFileType = sourcecode.c.h; explicitFileType = undefined; includeInIndex = 0; };
		3C4458AC91EE4769AA3E9984 /* CDVCamera.h */ = {isa = PBXFileReference; name = "CDVCamera.h"; path = "cordova-plugin-camera/CDVCamera.h"; sourceTree = "<group>"; fileEncoding = 4; lastKnownFileType = sourcecode.c.h; explicitFileType = undefined; includeInIndex = 0; };
		761AFF0B453844C78621B6B6 /* CDVJpegHeaderWriter.h */ = {isa = PBXFileReference; name = "CDVJpegHeaderWriter.h"; path = "cordova-plugin-camera/CDVJpegHeaderWriter.h"; sourceTree = "<group>"; fileEncoding = 4; lastKnownFileType = sourcecode.c.h; explicitFileType = undefined; includeInIndex = 0; };
		B25244A04C7E4AB8BEB8705C /* CDVExif.h */ = {isa = PBXFileReference; name = "CDVExif.h"; path = "cordova-plugin-camera/CDVExif.h"; sourceTree = "<group>"; fileEncoding = 4; lastKnownFileType = sourcecode.c.h; explicitFileType = undefined; includeInIndex = 0; };
		FCAD71B2EB9349B59DF7AFEA /* CoreLocation.framework */ = {isa = PBXFileReference; name = "CoreLocation.framework"; path = "System/Library/Frameworks/CoreLocation.framework"; sourceTree = SDKROOT; fileEncoding = undefined; lastKnownFileType = wrapper.framework; explicitFileType = undefined; includeInIndex = 0; };
		2A2174C594A441B7B945306E /* AVFoundation.framework */ = {isa = PBXFileReference; name = "AVFoundation.framework"; path = "System/Library/Frameworks/AVFoundation.framework"; sourceTree = SDKROOT; fileEncoding = undefined; lastKnownFileType = wrapper.framework; explicitFileType = undefined; includeInIndex = 0; };
		8DF1D1E45032405A81BD84B9 /* AppVersion.m */ = {isa = PBXFileReference; name = "AppVersion.m"; path = "cordova-plugin-app-version/AppVersion.m"; sourceTree = "<group>"; fileEncoding = 4; lastKnownFileType = sourcecode.c.objc; explicitFileType = undefined; includeInIndex = 0; };
		C0808F2FC8BC4284A1F83847 /* AppVersion.h */ = {isa = PBXFileReference; name = "AppVersion.h"; path = "cordova-plugin-app-version/AppVersion.h"; sourceTree = "<group>"; fileEncoding = 4; lastKnownFileType = sourcecode.c.h; explicitFileType = undefined; includeInIndex = 0; };
/* End PBXFileReference section */

/* Begin PBXFrameworksBuildPhase section */
		1D60588F0D05DD3D006BFB54 /* Frameworks */ = {
			isa = PBXFrameworksBuildPhase;
			buildActionMask = 2147483647;
			files = (
				301BF552109A68D80062928A /* libCordova.a in Frameworks */,
				9C248C84AA6A4A118DE12DC8 /* UIKit.framework in Frameworks */,
				2907BB574FB845E6B2D28B35 /* Foundation.framework in Frameworks */,
				0D19D3A74EF54433A8703C20 /* QuartzCore.framework in Frameworks */,
				6F6AD1C907124C53A1911F63 /* ImageIO.framework in Frameworks */,
				EE37C9039A10474EAE4743D7 /* MessageUI.framework in Frameworks */,
				472F38C8F9E64033853B217A /* WebKit.framework in Frameworks */,
				474FAA32AA2249A8B5EF33DD /* CoreLocation.framework in Frameworks */,
				75CE05C430F5452FB821A7B1 /* AVFoundation.framework in Frameworks */,
			);
			runOnlyForDeploymentPostprocessing = 0;
		};
/* End PBXFrameworksBuildPhase section */

/* Begin PBXGroup section */
		080E96DDFE201D6D7F000001 /* Classes */ = {
			isa = PBXGroup;
			children = (
				302D95EE14D2391D003F00A1 /* MainViewController.h */,
				302D95EF14D2391D003F00A1 /* MainViewController.m */,
				302D95F014D2391D003F00A1 /* MainViewController.xib */,
				1D3623240D0F684500981E51 /* AppDelegate.h */,
				1D3623250D0F684500981E51 /* AppDelegate.m */,
			);
			name = Classes;
			path = "Azure-Connect/Classes";
			sourceTree = SOURCE_ROOT;
		};
		19C28FACFE9D520D11CA2CBB /* Products */ = {
			isa = PBXGroup;
			children = (
				1D6058910D05DD3D006BFB54 /* Azure-Connect.app */,
			);
			name = Products;
			sourceTree = "<group>";
		};
		29B97314FDCFA39411CA2CEA /* CustomTemplate */ = {
			isa = PBXGroup;
			children = (
				EB87FDF41871DAF40020F90C /* config.xml */,
				EB87FDF31871DA8E0020F90C /* www */,
				EB87FDF11871DA420020F90C /* Staging */,
				301BF52D109A57CC0062928A /* CordovaLib.xcodeproj */,
				080E96DDFE201D6D7F000001 /* Classes */,
				307C750510C5A3420062BCA9 /* Plugins */,
				29B97315FDCFA39411CA2CEA /* Other Sources */,
				29B97317FDCFA39411CA2CEA /* Resources */,
				29B97323FDCFA39411CA2CEA /* Frameworks */,
				19C28FACFE9D520D11CA2CBB /* Products */,
			);
			name = CustomTemplate;
			sourceTree = "<group>";
		};
		29B97315FDCFA39411CA2CEA /* Other Sources */ = {
			isa = PBXGroup;
			children = (
				32CA4F630368D1EE00C91783 /* Azure-Connect-Prefix.pch */,
				29B97316FDCFA39411CA2CEA /* main.m */,
				ED33DF2A687741AEAF9F8254 /* Bridging-Header.h */,
			);
			name = "Other Sources";
			path = "Azure-Connect";
			sourceTree = "<group>";
		};
		29B97317FDCFA39411CA2CEA /* Resources */ = {
			isa = PBXGroup;
			children = (
				0207DA571B56EA530066E2B4 /* Images.xcassets */,
				3047A50E1AB8057F00498E2A /* config */,
				8D1107310486CEB800E47090 /* Azure-Connect-Info.plist */,
				6AFF5BF81D6E424B00AB3073 /* CDVLaunchScreen.storyboard */,
				9F80E9CDACF2408C86F8A0C3 /* Default-568h@2x.png */,
				30671023FC204C4C9C4D17D2 /* Reader-Button-H.png */,
				B8793F6DA571483CBABBE866 /* Reader-Button-H@2x.png */,
				03CDF2C08EF14D9A986A24AD /* Reader-Button-N.png */,
				562C541EF22D47E78DF78A24 /* Reader-Button-N@2x.png */,
				861DAECCB6254DD787257423 /* Reader-Email.png */,
				E4F1259271FC4AE69B4934CF /* Reader-Email@2x.png */,
				91057CF1C15844DD8C756FD8 /* Reader-Export.png */,
				94202CA58A5B479DB5ED643F /* Reader-Export@2x.png */,
				0EA647922270407E9E5F5E7A /* Reader-Mark-N.png */,
				0BC6C1BB580148EFA32EF2E9 /* Reader-Mark-N@2x.png */,
				5D8486DC6A274CACA9F29208 /* Reader-Mark-Y.png */,
				918BF667926A4F759415240B /* Reader-Mark-Y@2x.png */,
				9BC888243768485C80CD2B22 /* Reader-Print.png */,
				724FEA8703C744F0B8FDBAF3 /* Reader-Print@2x.png */,
				306647E449BA4494A1013120 /* Reader-Thumbs.png */,
				548CB03D36EA4FABB64C4A3C /* Reader-Thumbs@2x.png */,
				62C17000D0D54AA4AFD05C25 /* SDVReader-CoverPage.png */,
				AC165770F52C4D7080F869BC /* SDVReader-CoverPage@2x.png */,
				F789247EC3A04ADCB23E1213 /* SDVReader-DoublePage.png */,
				7A6E856E1F83424A88C331AD /* SDVReader-DoublePage@2x.png */,
				54F3EB91EDA94CDBA00AB317 /* SDVReader-Outline.png */,
				4E24E76B1BD9460AAFA2A5C3 /* SDVReader-Outline@2x.png */,
				86203670C9C74ACC88F82786 /* SDVReader-SinglePage.png */,
				45A90F78ABF945C8A96BC657 /* SDVReader-SinglePage@2x.png */,
			);
			name = Resources;
			path = "Azure-Connect/Resources";
			sourceTree = "<group>";
		};
		29B97323FDCFA39411CA2CEA /* Frameworks */ = {
			isa = PBXGroup;
			children = (
				68778A04FA7F4C51BB5EB8BF /* UIKit.framework */,
				13E5CB215A5043ECB4463049 /* Foundation.framework */,
				A8F2B45CE53D49B4B41B7470 /* QuartzCore.framework */,
				53BEE3EC672446B382B3AA2E /* ImageIO.framework */,
				FA5469440CA446799C65AFAE /* MessageUI.framework */,
				E3FCEDB9204945B7873FE706 /* WebKit.framework */,
				FCAD71B2EB9349B59DF7AFEA /* CoreLocation.framework */,
				2A2174C594A441B7B945306E /* AVFoundation.framework */,
			);
			name = Frameworks;
			sourceTree = "<group>";
		};
		301BF52E109A57CC0062928A /* Products */ = {
			isa = PBXGroup;
			children = (
				301BF535109A57CC0062928A /* libCordova.a */,
				907D8124214C687600058A10 /* Cordova.framework */,
			);
			name = Products;
			sourceTree = "<group>";
		};
		3047A50E1AB8057F00498E2A /* config */ = {
			isa = PBXGroup;
			children = (
				3047A50F1AB8059700498E2A /* build-debug.xcconfig */,
				3047A5101AB8059700498E2A /* build-release.xcconfig */,
				3047A5111AB8059700498E2A /* build.xcconfig */,
			);
			name = config;
			sourceTree = "<group>";
		};
		307C750510C5A3420062BCA9 /* Plugins */ = {
			isa = PBXGroup;
			children = (
				6DD05212D0344BE1B69827CF /* CDVDevice.m */,
				17F46B6F7B93417BA518493C /* CDVDevice.h */,
				14D5640273BB43F3A166D278 /* SitewaertsDocumentViewer.m */,
				2001BAEF77524FB08F54706E /* CGPDFDocument.m */,
				53B39DAA89DC4AC294E62CBC /* ReaderConstants.m */,
				1D9FBB30C0E648CAADDFB847 /* ReaderContentPage.m */,
				87BCD52467284D8C8E8094A9 /* ReaderContentTile.m */,
				D28C0B9EA7E945DDB0FD569A /* ReaderContentView.m */,
				FA314A69E2964324B2408B63 /* ReaderDocument.m */,
				FC527ABD2F6D49B28BD293D8 /* ReaderDocumentOutline.m */,
				75620F83366048D6BF859944 /* ReaderMainPagebar.m */,
				DDDCEDD90BF24CBEAE7CD4CF /* ReaderMainToolbar.m */,
				1A84A07E6FDB457982FE1AEC /* ReaderMainToolbar+SDVReaderMainToolbarPassThrough.m */,
				525CF6DE2DF045869E454BF5 /* ReaderThumbCache.m */,
				A97518446D5F47349074A097 /* ReaderThumbFetch.m */,
				6F56C2C539AB4D14B7D23348 /* ReaderThumbQueue.m */,
				00033AEA4B7B48F1B405EDEB /* ReaderThumbRender.m */,
				E5F31ECFFE84470387CB20E1 /* ReaderThumbRequest.m */,
				64620339AAB84B90A4F5F716 /* ReaderThumbsView.m */,
				6640F46823894AE781404F84 /* ReaderThumbView.m */,
				4BCEDC81F07B4BD09B5A17F5 /* ReaderViewController.m */,
				046CB4B915C74B4588099BB6 /* ReaderViewController+SDVReaderViewControllerPassThrough.m */,
				30EFA31E438A4D33AFC7B6AE /* SDVReaderContentViewDoublePage.m */,
				D66E92F9D77D41B5881ACD81 /* SDVReaderMainPagebar.m */,
				65672C64FD814747BB63C2C4 /* SDVReaderMainToolbar.m */,
				EEF8B003B3BB4B58B0A54698 /* SDVReaderViewController.m */,
				624668AADBD9495B843AC207 /* SDVThumbsMainToolbar.m */,
				679DC5911F82465290B4D8C6 /* SDVThumbsViewController.m */,
				172F7E4F73F24608ADD04927 /* ThumbsMainToolbar.m */,
				8D5900FBAEDD4C9D82FE9340 /* ThumbsMainToolbar+SDVThumbsMainToolbarPassThrough.m */,
				372DB7CB28054A4CABE3F3BE /* ThumbsViewController.m */,
				856E584729CE403792B57765 /* ThumbsViewController+SDVThumbsViewControllerPassThrough.m */,
				2DC7C6F4EA844411B1A18B4E /* UIXToolbarView.m */,
				B2AD4413356B4E8792CDA35A /* SitewaertsDocumentViewer.h */,
				FBE04A3D868842F394378AF9 /* CGPDFDocument.h */,
				2F8BF9AEF95B428C9D831FCB /* ReaderConstants.h */,
				913415494C134836B04FE77A /* ReaderContentPage.h */,
				5C2F9CFA00B84CCAAC64E621 /* ReaderContentTile.h */,
				C60B78DBD3EF418BA1DAD984 /* ReaderContentView.h */,
				0B0AEF898F014170B71DBE8A /* ReaderDocument.h */,
				E03004CFFA7249828DCA13CA /* ReaderDocumentOutline.h */,
				CFA4FEE137484A7CB93F24A3 /* ReaderMainPagebar.h */,
				4A11357F30204F1BB6AA1808 /* ReaderMainToolbar.h */,
				FF433276689A45D4B3CD7593 /* ReaderMainToolbar+SDVReaderMainToolbarPassThrough.h */,
				182FE0883AAE403DA4FF648B /* ReaderThumbCache.h */,
				C218F49C30204B1A9168F5F9 /* ReaderThumbFetch.h */,
				AC6F417F6D7E475FAF4E1120 /* ReaderThumbQueue.h */,
				A30DBE65C0154CB5A822C9DF /* ReaderThumbRender.h */,
				EA324B2E199049D790562513 /* ReaderThumbRequest.h */,
				A63033C64B9E4B4C883B2D3B /* ReaderThumbsView.h */,
				7C462B9A181845C98E490C04 /* ReaderThumbView.h */,
				48FC1FBC68F440DFAEA6A764 /* ReaderViewController.h */,
				23BF694163D4472999CDBA76 /* ReaderViewController+SDVReaderViewControllerPassThrough.h */,
				DB2D227AB9154C33B4AFA865 /* SDVReaderContentViewDoublePage.h */,
				F18D264256AB4BA09EEF81C1 /* SDVReaderMainPagebar.h */,
				CCD797F93F484FEF94A8549C /* SDVReaderMainToolbar.h */,
				4A4BC7C6AB9F42219ADF9257 /* SDVReaderViewController.h */,
				4335A245209C45C8B33F140C /* SDVThumbsMainToolbar.h */,
				C1C2D4A8577542FF801160A6 /* SDVThumbsViewController.h */,
				E2F4282E5DDF485EAEC36D87 /* ThumbsMainToolbar.h */,
				13FCA2AABD814A44AB654D45 /* ThumbsMainToolbar+SDVThumbsMainToolbarPassThrough.h */,
				9B61BDC3F859488098B939F8 /* ThumbsViewController.h */,
				452594328B154E6D829F8B8C /* ThumbsViewController+SDVThumbsViewControllerPassThrough.h */,
				123811DAD1624E01974E3D60 /* UIXToolbarView.h */,
				372E72A66DAB493EAA34D565 /* CDVFile.m */,
				20DE23EB3AA34BB0A4CAABD0 /* CDVLocalFilesystem.m */,
				4D32D4932FA14F918F4C1794 /* CDVAssetLibraryFilesystem.m */,
				2CFAAA258D5F474F9F43662F /* CDVFile.h */,
				C2577EDA9FC7445EB56879DB /* CDVLocalFilesystem.h */,
				24B2EBF82228413BB7521298 /* CDVAssetLibraryFilesystem.h */,
				E383019075AA484CAC058546 /* FileOpener2.m */,
				B9DDB51AF01F4D1795C54079 /* FileOpener2.h */,
				4435CAFFA32F4442BF91B4B8 /* CDVFileTransfer.m */,
				967F05BEC8C64938AFA08314 /* CDVFileTransfer.h */,
				0EA07263F203433EA1D13161 /* CDVIonicKeyboard.m */,
				79FA5ED70AE647989AB000D3 /* CDVIonicKeyboard.h */,
				A4371A57C6574241B860F468 /* CDVWKWebViewEngine.m */,
				F8A413940BA84BDDA46A36F6 /* CDVWKWebViewUIDelegate.m */,
				1E942F095C0741548F6FEB57 /* CDVWKProcessPoolFactory.m */,
				4E4563B772104190933C4C1B /* IONAssetHandler.m */,
				5396AC2FF0CA4DE09A515D9E /* CDVWKWebViewEngine.h */,
				E3B0BDA4C6E94E2D889455E2 /* CDVWKWebViewUIDelegate.h */,
				8C40BF4AD0F24FDB8F9993B0 /* CDVWKProcessPoolFactory.h */,
				48FD114D39B2477EBC909C07 /* IONAssetHandler.h */,
				956D67FAD4CC4BC9996E165D /* CDVSplashScreen.m */,
				32C2F6D55CBA43019E1C7DEF /* CDVViewController+SplashScreen.m */,
				8C7B79C36872450A9B6D331E /* CDVSplashScreen.h */,
				EB420E4891D6436A96E5DDC8 /* CDVViewController+SplashScreen.h */,
				D4479C2EC0584846AF541F30 /* CDVStatusBar.m */,
				B959EAC75E9C48F2AB7758D6 /* CDVStatusBar.h */,
				815C14CE41434FFAB3E485F5 /* UIImage+CropScaleOrientation.m */,
				705FA82DFBCA4BC2A53C4AF1 /* CDVCamera.m */,
				297EB7ADF99D4CCC88654363 /* CDVJpegHeaderWriter.m */,
				3F11F627604D4B209265B9EA /* UIImage+CropScaleOrientation.h */,
				3C4458AC91EE4769AA3E9984 /* CDVCamera.h */,
				761AFF0B453844C78621B6B6 /* CDVJpegHeaderWriter.h */,
				B25244A04C7E4AB8BEB8705C /* CDVExif.h */,
				8DF1D1E45032405A81BD84B9 /* AppVersion.m */,
				C0808F2FC8BC4284A1F83847 /* AppVersion.h */,
			);
			name = Plugins;
			path = "Azure-Connect/Plugins";
			sourceTree = SOURCE_ROOT;
		};
		EB87FDF11871DA420020F90C /* Staging */ = {
			isa = PBXGroup;
			children = (
				F840E1F0165FE0F500CFE078 /* config.xml */,
				301BF56E109A69640062928A /* www */,
			);
			name = Staging;
			sourceTree = "<group>";
		};
/* End PBXGroup section */

/* Begin PBXNativeTarget section */
		1D6058900D05DD3D006BFB54 /* Azure-Connect */ = {
			isa = PBXNativeTarget;
			buildConfigurationList = 1D6058960D05DD3E006BFB54 /* Build configuration list for PBXNativeTarget "Azure-Connect" */;
			buildPhases = (
				304B58A110DAC018002A0835 /* Copy www directory */,
				1D60588D0D05DD3D006BFB54 /* Resources */,
				1D60588E0D05DD3D006BFB54 /* Sources */,
				1D60588F0D05DD3D006BFB54 /* Frameworks */,
			);
			buildRules = (
			);
			dependencies = (
				301BF551109A68C00062928A /* PBXTargetDependency */,
			);
			name = "Azure-Connect";
			productName = "Azure-Connect";
			productReference = 1D6058910D05DD3D006BFB54 /* Azure-Connect.app */;
			productType = "com.apple.product-type.application";
		};
/* End PBXNativeTarget section */

/* Begin PBXProject section */
		29B97313FDCFA39411CA2CEA /* Project object */ = {
			isa = PBXProject;
			attributes = {
				LastUpgradeCheck = 510;
				TargetAttributes = {
					1D6058900D05DD3D006BFB54 = {
						ProvisioningStyle = Automatic;
					};
				};
			};
			buildConfigurationList = C01FCF4E08A954540054247B /* Build configuration list for PBXProject "Azure-Connect" */;
			compatibilityVersion = "Xcode 3.2";
			developmentRegion = English;
			hasScannedForEncodings = 1;
			mainGroup = 29B97314FDCFA39411CA2CEA /* CustomTemplate */;
			projectDirPath = "";
			projectReferences = (
				{
					ProductGroup = 301BF52E109A57CC0062928A /* Products */;
					ProjectRef = 301BF52D109A57CC0062928A /* CordovaLib.xcodeproj */;
				},
			);
			projectRoot = "";
			targets = (
				1D6058900D05DD3D006BFB54 /* Azure-Connect */,
			);
		};
/* End PBXProject section */

/* Begin PBXReferenceProxy section */
		301BF535109A57CC0062928A /* libCordova.a */ = {
			isa = PBXReferenceProxy;
			fileType = archive.ar;
			path = libCordova.a;
			remoteRef = 301BF534109A57CC0062928A /* PBXContainerItemProxy */;
			sourceTree = BUILT_PRODUCTS_DIR;
		};
		907D8124214C687600058A10 /* Cordova.framework */ = {
			isa = PBXReferenceProxy;
			fileType = wrapper.framework;
			path = Cordova.framework;
			remoteRef = 907D8123214C687600058A10 /* PBXContainerItemProxy */;
			sourceTree = BUILT_PRODUCTS_DIR;
		};
/* End PBXReferenceProxy section */

/* Begin PBXResourcesBuildPhase section */
		1D60588D0D05DD3D006BFB54 /* Resources */ = {
			isa = PBXResourcesBuildPhase;
			buildActionMask = 2147483647;
			files = (
				302D95F214D2391D003F00A1 /* MainViewController.xib in Resources */,
				0207DA581B56EA530066E2B4 /* Images.xcassets in Resources */,
				6AFF5BF91D6E424B00AB3073 /* CDVLaunchScreen.storyboard in Resources */,
				E159C88E6BD9423CA18BF246 /* Default-568h@2x.png in Resources */,
				0C6596D66B8C4334BB994D55 /* Reader-Button-H.png in Resources */,
				5922659AAD1147E68F68EDE6 /* Reader-Button-H@2x.png in Resources */,
				90E6C30B43D74B3185CC460B /* Reader-Button-N.png in Resources */,
				5D63616DD34E4364A68AC72D /* Reader-Button-N@2x.png in Resources */,
				1064EF5343B343088B0033F6 /* Reader-Email.png in Resources */,
				726F6203193F4EBBAD7C296D /* Reader-Email@2x.png in Resources */,
				F5A53E0CAABE4244BD3C1626 /* Reader-Export.png in Resources */,
				5701CFCCC4A44F139D9618A6 /* Reader-Export@2x.png in Resources */,
				E433C0AF16D14AE5969DFDCB /* Reader-Mark-N.png in Resources */,
				CC6694253E7C45D6B5E14FC2 /* Reader-Mark-N@2x.png in Resources */,
				E60E6A92B85B47BD9C8A0BF1 /* Reader-Mark-Y.png in Resources */,
				460D3A5C4C2245AEAEEEC630 /* Reader-Mark-Y@2x.png in Resources */,
				C3DD0B2997454845B06E2F1D /* Reader-Print.png in Resources */,
				3F91CABBEC654F1686B77757 /* Reader-Print@2x.png in Resources */,
				670DE07A3B76462D89C2F1F3 /* Reader-Thumbs.png in Resources */,
				691F48B5E52B47C1B461EE3F /* Reader-Thumbs@2x.png in Resources */,
				2BC39AC488F949689C9E81E2 /* SDVReader-CoverPage.png in Resources */,
				A4A2E91AB76044AA99811D90 /* SDVReader-CoverPage@2x.png in Resources */,
				A1745F054F2C4311A6491D93 /* SDVReader-DoublePage.png in Resources */,
				1499DF18F08C4FD984868B73 /* SDVReader-DoublePage@2x.png in Resources */,
				19BE570860A74D3088E0E0A6 /* SDVReader-Outline.png in Resources */,
				407D730C1C904393A8DF5BB3 /* SDVReader-Outline@2x.png in Resources */,
				F43E959B9D4C4AAFBD1B755D /* SDVReader-SinglePage.png in Resources */,
				7A2E28E55C4D47609901D0C7 /* SDVReader-SinglePage@2x.png in Resources */,
			);
			runOnlyForDeploymentPostprocessing = 0;
		};
/* End PBXResourcesBuildPhase section */

/* Begin PBXShellScriptBuildPhase section */
		304B58A110DAC018002A0835 /* Copy www directory */ = {
			isa = PBXShellScriptBuildPhase;
			buildActionMask = 2147483647;
			files = (
			);
			inputPaths = (
			);
			name = "Copy www directory";
			outputPaths = (
			);
			runOnlyForDeploymentPostprocessing = 0;
			shellPath = /bin/sh;
			shellScript = "\"$SRCROOT/Azure-Connect/Scripts/copy-www-build-step.sh\"";
			showEnvVarsInLog = 0;
		};
/* End PBXShellScriptBuildPhase section */

/* Begin PBXSourcesBuildPhase section */
		1D60588E0D05DD3D006BFB54 /* Sources */ = {
			isa = PBXSourcesBuildPhase;
			buildActionMask = 2147483647;
			files = (
				1D60589B0D05DD56006BFB54 /* main.m in Sources */,
				1D3623260D0F684500981E51 /* AppDelegate.m in Sources */,
				302D95F114D2391D003F00A1 /* MainViewController.m in Sources */,
				14F6E27332484548BE995BFE /* CDVDevice.m in Sources */,
				127926940CE74328A3877110 /* SitewaertsDocumentViewer.m in Sources */,
				C2D59FE9027D452291B62338 /* CGPDFDocument.m in Sources */,
				9A7ADEA3F3274A0AB0EA0348 /* ReaderConstants.m in Sources */,
				860939E03D1244F9BEBF1148 /* ReaderContentPage.m in Sources */,
				F1979527637340AFB228AABE /* ReaderContentTile.m in Sources */,
				6E5DC5252DA946EBAA8D1FCC /* ReaderContentView.m in Sources */,
				AAD661E3AEF24E1CBE1D77E3 /* ReaderDocument.m in Sources */,
				C49260A71B8E41CAAB50D13D /* ReaderDocumentOutline.m in Sources */,
				9DB2E420811F44C29CD1178D /* ReaderMainPagebar.m in Sources */,
				ECF96452FEEA49C28F2188FB /* ReaderMainToolbar.m in Sources */,
				05C6B02D30E64DF58B25EA2D /* ReaderMainToolbar+SDVReaderMainToolbarPassThrough.m in Sources */,
				A7FF35771262463CBD1166CA /* ReaderThumbCache.m in Sources */,
				27DAD122FD544314866A619D /* ReaderThumbFetch.m in Sources */,
				69F4DD3A24A444288F82F263 /* ReaderThumbQueue.m in Sources */,
				CFEA49BF86D34E778113DE1F /* ReaderThumbRender.m in Sources */,
				23F68982D28F439D9C2710E1 /* ReaderThumbRequest.m in Sources */,
				6D2B393E374B40BDA56231AC /* ReaderThumbsView.m in Sources */,
				261FEBBC8A754048BDAFF8D8 /* ReaderThumbView.m in Sources */,
				7A1214CEEBB94EB1BB909C25 /* ReaderViewController.m in Sources */,
				407A10ADC21F48EE923D37CC /* ReaderViewController+SDVReaderViewControllerPassThrough.m in Sources */,
				71CDFD93DFBE41EABD5577DF /* SDVReaderContentViewDoublePage.m in Sources */,
				171A8FF0CE2741D981A8F637 /* SDVReaderMainPagebar.m in Sources */,
				103D79B44DBF4198841E03F4 /* SDVReaderMainToolbar.m in Sources */,
				BF2A4CAA04374F48815DEEBC /* SDVReaderViewController.m in Sources */,
				0AA3FA7DE3134B22B7127369 /* SDVThumbsMainToolbar.m in Sources */,
				019F81CEB26F453A967F09EE /* SDVThumbsViewController.m in Sources */,
				C464973CD6D943F6A34B8F1F /* ThumbsMainToolbar.m in Sources */,
				7DF382754B234135B850953B /* ThumbsMainToolbar+SDVThumbsMainToolbarPassThrough.m in Sources */,
				D27F316FC140459BB5CFC8CA /* ThumbsViewController.m in Sources */,
				027D29CA8A9E4A17AB7ED2D3 /* ThumbsViewController+SDVThumbsViewControllerPassThrough.m in Sources */,
				AFFE87C67A4F48B2817C4AE6 /* UIXToolbarView.m in Sources */,
				F573BDFF82A64A8D96C05B49 /* CDVFile.m in Sources */,
				93D3DA7604DF442295EA6EF0 /* CDVLocalFilesystem.m in Sources */,
				858F79F4A4A2483980FF86FC /* CDVAssetLibraryFilesystem.m in Sources */,
				0941274EDBB644CDBBFA4B49 /* FileOpener2.m in Sources */,
				A58FB58A255847AE85900CE0 /* CDVFileTransfer.m in Sources */,
				37AE41B375B84B7E9F930255 /* CDVIonicKeyboard.m in Sources */,
				E08234D17FB74D80B59F2B60 /* CDVWKWebViewEngine.m in Sources */,
				D904C13330D74F91848EAB13 /* CDVWKWebViewUIDelegate.m in Sources */,
				9CF99FC06A474CEDABCD3472 /* CDVWKProcessPoolFactory.m in Sources */,
				2570D3206D5C4A349ADA402F /* IONAssetHandler.m in Sources */,
				C8F5F97996C14F44AFEFCD7C /* CDVSplashScreen.m in Sources */,
				910B258A8DA34FC49C2977C2 /* CDVViewController+SplashScreen.m in Sources */,
				85D9BE7595044D1394723BBE /* CDVStatusBar.m in Sources */,
				F23FA44196344B8C93EB2169 /* UIImage+CropScaleOrientation.m in Sources */,
				E7FD9B4525C84341BA6D0FF8 /* CDVCamera.m in Sources */,
				012CD5B8653741078CD0D1AE /* CDVJpegHeaderWriter.m in Sources */,
				51C8D7B79E6A4489925B7C6A /* AppVersion.m in Sources */,
			);
			runOnlyForDeploymentPostprocessing = 0;
		};
/* End PBXSourcesBuildPhase section */

/* Begin PBXTargetDependency section */
		301BF551109A68C00062928A /* PBXTargetDependency */ = {
			isa = PBXTargetDependency;
			name = CordovaLib;
			targetProxy = 301BF550109A68C00062928A /* PBXContainerItemProxy */;
		};
/* End PBXTargetDependency section */

/* Begin XCBuildConfiguration section */
		1D6058940D05DD3E006BFB54 /* Debug */ = {
			isa = XCBuildConfiguration;
			baseConfigurationReference = 3047A50F1AB8059700498E2A /* build-debug.xcconfig */;
			buildSettings = {
				ALWAYS_SEARCH_USER_PATHS = NO;
				ASSETCATALOG_COMPILER_APPICON_NAME = AppIcon;
				ASSETCATALOG_COMPILER_LAUNCHIMAGE_NAME = LaunchImage;
				CLANG_ENABLE_MODULES = YES;
				CLANG_ENABLE_OBJC_ARC = YES;
				COPY_PHASE_STRIP = NO;
				GCC_DYNAMIC_NO_PIC = NO;
				GCC_OPTIMIZATION_LEVEL = 0;
				GCC_PRECOMPILE_PREFIX_HEADER = YES;
				GCC_PREFIX_HEADER = "Azure-Connect/Azure-Connect-Prefix.pch";
				GCC_THUMB_SUPPORT = NO;
				GCC_VERSION = "";
				INFOPLIST_FILE = "Azure-Connect/Azure-Connect-Info.plist";
				IPHONEOS_DEPLOYMENT_TARGET = 11.0;
				LD_RUNPATH_SEARCH_PATHS = "@executable_path/Frameworks";
				PRODUCT_BUNDLE_IDENTIFIER = com.agsi.AzureConnect;
				PRODUCT_NAME = "$(TARGET_NAME)";
				TARGETED_DEVICE_FAMILY = "1,2";
			};
			name = Debug;
		};
		1D6058950D05DD3E006BFB54 /* Release */ = {
			isa = XCBuildConfiguration;
			baseConfigurationReference = 3047A5101AB8059700498E2A /* build-release.xcconfig */;
			buildSettings = {
				ALWAYS_SEARCH_USER_PATHS = NO;
				ASSETCATALOG_COMPILER_APPICON_NAME = AppIcon;
				ASSETCATALOG_COMPILER_LAUNCHIMAGE_NAME = LaunchImage;
				CLANG_ENABLE_MODULES = YES;
				CLANG_ENABLE_OBJC_ARC = YES;
				COPY_PHASE_STRIP = YES;
				GCC_PRECOMPILE_PREFIX_HEADER = YES;
				GCC_PREFIX_HEADER = "Azure-Connect/Azure-Connect-Prefix.pch";
				GCC_THUMB_SUPPORT = NO;
				GCC_VERSION = "";
				INFOPLIST_FILE = "Azure-Connect/Azure-Connect-Info.plist";
				IPHONEOS_DEPLOYMENT_TARGET = 11.0;
				LD_RUNPATH_SEARCH_PATHS = "@executable_path/Frameworks";
				PRODUCT_BUNDLE_IDENTIFIER = com.agsi.AzureConnect;
				PRODUCT_NAME = "$(TARGET_NAME)";
				TARGETED_DEVICE_FAMILY = "1,2";
			};
			name = Release;
		};
		C01FCF4F08A954540054247B /* Debug */ = {
			isa = XCBuildConfiguration;
			baseConfigurationReference = 3047A5111AB8059700498E2A /* build.xcconfig */;
			buildSettings = {
				CLANG_ENABLE_MODULES = YES;
				CLANG_ENABLE_OBJC_ARC = YES;
				CLANG_WARN_BLOCK_CAPTURE_AUTORELEASING = YES;
				CLANG_WARN_BOOL_CONVERSION = YES;
				CLANG_WARN_COMMA = YES;
				CLANG_WARN_CONSTANT_CONVERSION = YES;
				CLANG_WARN_DEPRECATED_OBJC_IMPLEMENTATIONS = YES;
				CLANG_WARN_EMPTY_BODY = YES;
				CLANG_WARN_ENUM_CONVERSION = YES;
				CLANG_WARN_INFINITE_RECURSION = YES;
				CLANG_WARN_INT_CONVERSION = YES;
				CLANG_WARN_NON_LITERAL_NULL_CONVERSION = YES;
				CLANG_WARN_OBJC_IMPLICIT_RETAIN_SELF = YES;
				CLANG_WARN_OBJC_LITERAL_CONVERSION = YES;
				CLANG_WARN_RANGE_LOOP_ANALYSIS = YES;
				CLANG_WARN_STRICT_PROTOTYPES = YES;
				CLANG_WARN_SUSPICIOUS_MOVE = YES;
				CLANG_WARN_UNREACHABLE_CODE = YES;
				CLANG_WARN__DUPLICATE_METHOD_MATCH = YES;
				ENABLE_STRICT_OBJC_MSGSEND = YES;
				ENABLE_TESTABILITY = YES;
				GCC_C_LANGUAGE_STANDARD = c99;
				GCC_NO_COMMON_BLOCKS = YES;
				GCC_THUMB_SUPPORT = NO;
				GCC_VERSION = "";
				GCC_WARN_64_TO_32_BIT_CONVERSION = YES;
				GCC_WARN_ABOUT_RETURN_TYPE = YES;
				GCC_WARN_UNDECLARED_SELECTOR = YES;
				GCC_WARN_UNINITIALIZED_AUTOS = YES;
				GCC_WARN_UNUSED_FUNCTION = YES;
				GCC_WARN_UNUSED_VARIABLE = YES;
				ONLY_ACTIVE_ARCH = YES;
				SDKROOT = iphoneos;
				SKIP_INSTALL = NO;
				WK_WEB_VIEW_ONLY = 0;
				PRODUCT_BUNDLE_IDENTIFIER = com.agsi.AzureConnect;
				IPHONEOS_DEPLOYMENT_TARGET = 11.0;
			};
			name = Debug;
		};
		C01FCF5008A954540054247B /* Release */ = {
			isa = XCBuildConfiguration;
			baseConfigurationReference = 3047A5111AB8059700498E2A /* build.xcconfig */;
			buildSettings = {
				CLANG_ENABLE_MODULES = YES;
				CLANG_ENABLE_OBJC_ARC = YES;
				CLANG_WARN_BLOCK_CAPTURE_AUTORELEASING = YES;
				CLANG_WARN_BOOL_CONVERSION = YES;
				CLANG_WARN_COMMA = YES;
				CLANG_WARN_CONSTANT_CONVERSION = YES;
				CLANG_WARN_DEPRECATED_OBJC_IMPLEMENTATIONS = YES;
				CLANG_WARN_EMPTY_BODY = YES;
				CLANG_WARN_ENUM_CONVERSION = YES;
				CLANG_WARN_INFINITE_RECURSION = YES;
				CLANG_WARN_INT_CONVERSION = YES;
				CLANG_WARN_NON_LITERAL_NULL_CONVERSION = YES;
				CLANG_WARN_OBJC_IMPLICIT_RETAIN_SELF = YES;
				CLANG_WARN_OBJC_LITERAL_CONVERSION = YES;
				CLANG_WARN_RANGE_LOOP_ANALYSIS = YES;
				CLANG_WARN_STRICT_PROTOTYPES = YES;
				CLANG_WARN_SUSPICIOUS_MOVE = YES;
				CLANG_WARN_UNREACHABLE_CODE = YES;
				CLANG_WARN__DUPLICATE_METHOD_MATCH = YES;
				ENABLE_STRICT_OBJC_MSGSEND = YES;
				GCC_C_LANGUAGE_STANDARD = c99;
				GCC_NO_COMMON_BLOCKS = YES;
				GCC_THUMB_SUPPORT = NO;
				GCC_VERSION = "";
				GCC_WARN_64_TO_32_BIT_CONVERSION = YES;
				GCC_WARN_ABOUT_RETURN_TYPE = YES;
				GCC_WARN_UNDECLARED_SELECTOR = YES;
				GCC_WARN_UNINITIALIZED_AUTOS = YES;
				GCC_WARN_UNUSED_FUNCTION = YES;
				GCC_WARN_UNUSED_VARIABLE = YES;
				SDKROOT = iphoneos;
				SKIP_INSTALL = NO;
				WK_WEB_VIEW_ONLY = 0;
				PRODUCT_BUNDLE_IDENTIFIER = com.agsi.AzureConnect;
				IPHONEOS_DEPLOYMENT_TARGET = 11.0;
			};
			name = Release;
		};
/* End XCBuildConfiguration section */

/* Begin XCConfigurationList section */
		1D6058960D05DD3E006BFB54 /* Build configuration list for PBXNativeTarget "Azure-Connect" */ = {
			isa = XCConfigurationList;
			buildConfigurations = (
				1D6058940D05DD3E006BFB54 /* Debug */,
				1D6058950D05DD3E006BFB54 /* Release */,
			);
			defaultConfigurationIsVisible = 0;
			defaultConfigurationName = Release;
		};
		C01FCF4E08A954540054247B /* Build configuration list for PBXProject "Azure-Connect" */ = {
			isa = XCConfigurationList;
			buildConfigurations = (
				C01FCF4F08A954540054247B /* Debug */,
				C01FCF5008A954540054247B /* Release */,
			);
			defaultConfigurationIsVisible = 0;
			defaultConfigurationName = Release;
		};
/* End XCConfigurationList section */
	};
	rootObject = 29B97313FDCFA39411CA2CEA /* Project object */;
}
